PODS:
  - audio_session (0.0.1):
    - Flutter
  - Flutter (1.0.0)
  - flutter_image_compress (1.0.0):
    - Flutter
    - Mantle
    - SDWebImage
    - SDWebImageWebPCoder
  - flutter_inappwebview (0.0.1):
    - Flutter
    - flutter_inappwebview/Core (= 0.0.1)
    - OrderedSet (~> 5.0)
  - flutter_inappwebview/Core (0.0.1):
    - Flutter
    - OrderedSet (~> 5.0)
  - FlutterPluginRegistrant (0.0.1):
    - audio_session
    - Flutter
    - flutter_image_compress
    - flutter_inappwebview
    - image_picker_ios
    - just_audio
    - package_info_plus
    - pasteboard
    - path_provider_foundation
    - quick_actions_ios
    - shared_preferences_foundation
    - sqflite_darwin
    - url_launcher_ios
    - video_player_avfoundation
    - wakelock_plus
    - webview_flutter_wkwebview
  - image_picker_ios (0.0.1):
    - Flutter
  - just_audio (0.0.1):
    - Flutter
  - libwebp (1.3.2):
    - libwebp/demux (= 1.3.2)
    - libwebp/mux (= 1.3.2)
    - libwebp/sharpyuv (= 1.3.2)
    - libwebp/webp (= 1.3.2)
  - libwebp/demux (1.3.2):
    - libwebp/webp
  - libwebp/mux (1.3.2):
    - libwebp/demux
  - libwebp/sharpyuv (1.3.2)
  - libwebp/webp (1.3.2):
    - libwebp/sharpyuv
  - Mantle (2.2.0):
    - Mantle/extobjc (= 2.2.0)
  - Mantle/extobjc (2.2.0)
  - OrderedSet (5.0.0)
  - package_info_plus (0.4.5):
    - Flutter
  - pasteboard (0.0.1):
    - Flutter
  - path_provider_foundation (0.0.1):
    - Flutter
    - FlutterMacOS
  - quick_actions_ios (0.0.1):
    - Flutter
  - SDWebImage (5.20.0):
    - SDWebImage/Core (= 5.20.0)
  - SDWebImage/Core (5.20.0)
  - SDWebImageWebPCoder (0.14.6):
    - libwebp (~> 1.0)
    - SDWebImage/Core (~> 5.17)
  - shared_preferences_foundation (0.0.1):
    - Flutter
    - FlutterMacOS
  - sqflite_darwin (0.0.4):
    - Flutter
    - FlutterMacOS
  - url_launcher_ios (0.0.1):
    - Flutter
  - video_player_avfoundation (0.0.1):
    - Flutter
    - FlutterMacOS
  - wakelock_plus (0.0.1):
    - Flutter
  - webview_flutter_wkwebview (0.0.1):
    - Flutter
    - FlutterMacOS

DEPENDENCIES:
  - audio_session (from `../cyberme_flutter/.ios/.symlinks/plugins/audio_session/ios`)
  - Flutter (from `../cyberme_flutter/.ios/Flutter`)
  - flutter_image_compress (from `../cyberme_flutter/.ios/.symlinks/plugins/flutter_image_compress/ios`)
  - flutter_inappwebview (from `../cyberme_flutter/.ios/.symlinks/plugins/flutter_inappwebview/ios`)
  - FlutterPluginRegistrant (from `../cyberme_flutter/.ios/Flutter/FlutterPluginRegistrant`)
  - image_picker_ios (from `../cyberme_flutter/.ios/.symlinks/plugins/image_picker_ios/ios`)
  - just_audio (from `../cyberme_flutter/.ios/.symlinks/plugins/just_audio/ios`)
  - package_info_plus (from `../cyberme_flutter/.ios/.symlinks/plugins/package_info_plus/ios`)
  - pasteboard (from `../cyberme_flutter/.ios/.symlinks/plugins/pasteboard/ios`)
  - path_provider_foundation (from `../cyberme_flutter/.ios/.symlinks/plugins/path_provider_foundation/darwin`)
  - quick_actions_ios (from `../cyberme_flutter/.ios/.symlinks/plugins/quick_actions_ios/ios`)
  - shared_preferences_foundation (from `../cyberme_flutter/.ios/.symlinks/plugins/shared_preferences_foundation/darwin`)
  - sqflite_darwin (from `../cyberme_flutter/.ios/.symlinks/plugins/sqflite_darwin/darwin`)
  - url_launcher_ios (from `../cyberme_flutter/.ios/.symlinks/plugins/url_launcher_ios/ios`)
  - video_player_avfoundation (from `../cyberme_flutter/.ios/.symlinks/plugins/video_player_avfoundation/darwin`)
  - wakelock_plus (from `../cyberme_flutter/.ios/.symlinks/plugins/wakelock_plus/ios`)
  - webview_flutter_wkwebview (from `../cyberme_flutter/.ios/.symlinks/plugins/webview_flutter_wkwebview/darwin`)

SPEC REPOS:
  trunk:
    - libwebp
    - Mantle
    - OrderedSet
    - SDWebImage
    - SDWebImageWebPCoder

EXTERNAL SOURCES:
  audio_session:
    :path: "../cyberme_flutter/.ios/.symlinks/plugins/audio_session/ios"
  Flutter:
    :path: "../cyberme_flutter/.ios/Flutter"
  flutter_image_compress:
    :path: "../cyberme_flutter/.ios/.symlinks/plugins/flutter_image_compress/ios"
  flutter_inappwebview:
    :path: "../cyberme_flutter/.ios/.symlinks/plugins/flutter_inappwebview/ios"
  FlutterPluginRegistrant:
    :path: "../cyberme_flutter/.ios/Flutter/FlutterPluginRegistrant"
  image_picker_ios:
    :path: "../cyberme_flutter/.ios/.symlinks/plugins/image_picker_ios/ios"
  just_audio:
    :path: "../cyberme_flutter/.ios/.symlinks/plugins/just_audio/ios"
  package_info_plus:
    :path: "../cyberme_flutter/.ios/.symlinks/plugins/package_info_plus/ios"
  pasteboard:
    :path: "../cyberme_flutter/.ios/.symlinks/plugins/pasteboard/ios"
  path_provider_foundation:
    :path: "../cyberme_flutter/.ios/.symlinks/plugins/path_provider_foundation/darwin"
  quick_actions_ios:
    :path: "../cyberme_flutter/.ios/.symlinks/plugins/quick_actions_ios/ios"
  shared_preferences_foundation:
    :path: "../cyberme_flutter/.ios/.symlinks/plugins/shared_preferences_foundation/darwin"
  sqflite_darwin:
    :path: "../cyberme_flutter/.ios/.symlinks/plugins/sqflite_darwin/darwin"
  url_launcher_ios:
    :path: "../cyberme_flutter/.ios/.symlinks/plugins/url_launcher_ios/ios"
  video_player_avfoundation:
    :path: "../cyberme_flutter/.ios/.symlinks/plugins/video_player_avfoundation/darwin"
  wakelock_plus:
    :path: "../cyberme_flutter/.ios/.symlinks/plugins/wakelock_plus/ios"
  webview_flutter_wkwebview:
    :path: "../cyberme_flutter/.ios/.symlinks/plugins/webview_flutter_wkwebview/darwin"

SPEC CHECKSUMS:
  audio_session: 088d2483ebd1dc43f51d253d4a1c517d9a2e7207
  Flutter: e0871f40cf51350855a761d2e70bf5af5b9b5de7
  flutter_image_compress: 5a5e9aee05b6553048b8df1c3bc456d0afaac433
  flutter_inappwebview: 3d32228f1304635e7c028b0d4252937730bbc6cf
  FlutterPluginRegistrant: f0c649cfc2e11de22a033f871f24c8156bc746e9
  image_picker_ios: c560581cceedb403a6ff17f2f816d7fea1421fc1
  just_audio: baa7252489dbcf47a4c7cc9ca663e9661c99aafa
  libwebp: 1786c9f4ff8a279e4dac1e8f385004d5fc253009
  Mantle: c5aa8794a29a022dfbbfc9799af95f477a69b62d
  OrderedSet: aaeb196f7fef5a9edf55d89760da9176ad40b93c
  package_info_plus: c0502532a26c7662a62a356cebe2692ec5fe4ec4
  pasteboard: 982969ebaa7c78af3e6cc7761e8f5e77565d9ce0
  path_provider_foundation: 2b6b4c569c0fb62ec74538f866245ac84301af46
  quick_actions_ios: 5ec8f5f1ae81512ac803fe10c197ebb875767a9e
  SDWebImage: 73c6079366fea25fa4bb9640d5fb58f0893facd8
  SDWebImageWebPCoder: e38c0a70396191361d60c092933e22c20d5b1380
  shared_preferences_foundation: fcdcbc04712aee1108ac7fda236f363274528f78
  sqflite_darwin: 5a7236e3b501866c1c9befc6771dfd73ffb8702d
  url_launcher_ios: 5334b05cef931de560670eeae103fd3e431ac3fe
  video_player_avfoundation: 7c6c11d8470e1675df7397027218274b6d2360b3
  wakelock_plus: 373cfe59b235a6dd5837d0fb88791d2f13a90d56
  webview_flutter_wkwebview: 0982481e3d9c78fd5c6f62a002fcd24fc791f1e4

PODFILE CHECKSUM: 83d6bcc62c2ec6053dc7528c7c2ba79bb299e087

COCOAPODS: 1.11.3
