// !$*UTF8*$!
{
	archiveVersion = 1;
	classes = {
	};
	objectVersion = 55;
	objects = {

/* Begin PBXBuildFile section */
		190995B92900112A000B5770 /* CS+API.swift in Sources */ = {isa = PBXBuildFile; fileRef = 190995B82900112A000B5770 /* CS+API.swift */; };
		190995BA2900112A000B5770 /* CS+API.swift in Sources */ = {isa = PBXBuildFile; fileRef = 190995B82900112A000B5770 /* CS+API.swift */; };
		190995BC29001135000B5770 /* CS+Setting.swift in Sources */ = {isa = PBXBuildFile; fileRef = 190995BB29001135000B5770 /* CS+Setting.swift */; };
		190995BD29001135000B5770 /* CS+Setting.swift in Sources */ = {isa = PBXBuildFile; fileRef = 190995BB29001135000B5770 /* CS+Setting.swift */; };
		190C4D3928D7D80C00C1CAE1 /* ReadMe.swift in Sources */ = {isa = PBXBuildFile; fileRef = 190C4D3828D7D80C00C1CAE1 /* ReadMe.swift */; };
		190C4D3B28D7D81800C1CAE1 /* Book.swift in Sources */ = {isa = PBXBuildFile; fileRef = 190C4D3A28D7D81800C1CAE1 /* Book.swift */; };
		190C4D3D28D7E34300C1CAE1 /* DetailView.swift in Sources */ = {isa = PBXBuildFile; fileRef = 190C4D3C28D7E34300C1CAE1 /* DetailView.swift */; };
		193323A228D2264F0038AD74 /* Feature.swift in Sources */ = {isa = PBXBuildFile; fileRef = 193323A128D2264F0038AD74 /* Feature.swift */; };
		193548D4290C132B00B2266C /* FoodAccount.swift in Sources */ = {isa = PBXBuildFile; fileRef = 193548D3290C132B00B2266C /* FoodAccount.swift */; };
		193548D8290CD99F00B2266C /* FoodAccount.xcdatamodeld in Sources */ = {isa = PBXBuildFile; fileRef = 193548D6290CD99F00B2266C /* FoodAccount.xcdatamodeld */; };
		193548E3290CF5CD00B2266C /* Default.swift in Sources */ = {isa = PBXBuildFile; fileRef = 193548E2290CF5CD00B2266C /* Default.swift */; };
		193548E4290CF86200B2266C /* Default.swift in Sources */ = {isa = PBXBuildFile; fileRef = 193548E2290CF5CD00B2266C /* Default.swift */; };
		193C8A1B291223EE00FF975F /* Number+Extension.swift in Sources */ = {isa = PBXBuildFile; fileRef = 193C8A1A291223EE00FF975F /* Number+Extension.swift */; };
		193C8A1C291223EE00FF975F /* Number+Extension.swift in Sources */ = {isa = PBXBuildFile; fileRef = 193C8A1A291223EE00FF975F /* Number+Extension.swift */; };
		1948648028D883A500064104 /* PhPicker.swift in Sources */ = {isa = PBXBuildFile; fileRef = 1948647F28D883A500064104 /* PhPicker.swift */; };
		1948648228D89DF300064104 /* TodoView.swift in Sources */ = {isa = PBXBuildFile; fileRef = 1948648128D89DF300064104 /* TodoView.swift */; };
		1948B75F28F6C569009BECD0 /* WidgetService.swift in Sources */ = {isa = PBXBuildFile; fileRef = 1948B75E28F6C569009BECD0 /* WidgetService.swift */; };
		1948B76128F6C7F7009BECD0 /* CyberService.swift in Sources */ = {isa = PBXBuildFile; fileRef = 19625BA428D36D9E00860518 /* CyberService.swift */; };
		1948B76228F6D0A4009BECD0 /* WidgetService.swift in Sources */ = {isa = PBXBuildFile; fileRef = 1948B75E28F6C569009BECD0 /* WidgetService.swift */; };
		1948B76528F858CD009BECD0 /* TimeUtil.swift in Sources */ = {isa = PBXBuildFile; fileRef = 1948B76428F858CD009BECD0 /* TimeUtil.swift */; };
		1948B76628F858CD009BECD0 /* TimeUtil.swift in Sources */ = {isa = PBXBuildFile; fileRef = 1948B76428F858CD009BECD0 /* TimeUtil.swift */; };
		194ABAD8292CF5E70000F8D4 /* FitnessView.swift in Sources */ = {isa = PBXBuildFile; fileRef = 194ABAD7292CF5E70000F8D4 /* FitnessView.swift */; };
		194ABAD9292D28950000F8D4 /* HealthManager.swift in Sources */ = {isa = PBXBuildFile; fileRef = 19B925752906A5370039948A /* HealthManager.swift */; };
		194ABADA292D28DB0000F8D4 /* CS+Health.swift in Sources */ = {isa = PBXBuildFile; fileRef = 197C90DB291F65EE00373BEF /* CS+Health.swift */; };
		195A3D2F28BFA2C600239F01 /* CyberApp.swift in Sources */ = {isa = PBXBuildFile; fileRef = 195A3D2E28BFA2C600239F01 /* CyberApp.swift */; };
		195A3D3128BFA2C600239F01 /* ContentView.swift in Sources */ = {isa = PBXBuildFile; fileRef = 195A3D3028BFA2C600239F01 /* ContentView.swift */; };
		195A3D3328BFA2C700239F01 /* Assets.xcassets in Resources */ = {isa = PBXBuildFile; fileRef = 195A3D3228BFA2C700239F01 /* Assets.xcassets */; };
		195A3D3628BFA2C700239F01 /* Preview Assets.xcassets in Resources */ = {isa = PBXBuildFile; fileRef = 195A3D3528BFA2C700239F01 /* Preview Assets.xcassets */; };
		195DCC6929815AC800C615AD /* TicketView.swift in Sources */ = {isa = PBXBuildFile; fileRef = 195DCC6829815AC800C615AD /* TicketView.swift */; };
		196106A02924EDC2005D08D7 /* SimpleInfoView.swift in Sources */ = {isa = PBXBuildFile; fileRef = 1961069F2924EDC2005D08D7 /* SimpleInfoView.swift */; };
		19625BA228D365B600860518 /* CyberHomeView.swift in Sources */ = {isa = PBXBuildFile; fileRef = 19625BA128D365B600860518 /* CyberHomeView.swift */; };
		19625BA528D36D9E00860518 /* CyberService.swift in Sources */ = {isa = PBXBuildFile; fileRef = 19625BA428D36D9E00860518 /* CyberService.swift */; };
		197C90D7291F620C00373BEF /* CS+WeekPlan.swift in Sources */ = {isa = PBXBuildFile; fileRef = 197C90D6291F620C00373BEF /* CS+WeekPlan.swift */; };
		197C90D9291F653E00373BEF /* CS+Dashboard.swift in Sources */ = {isa = PBXBuildFile; fileRef = 197C90D8291F653E00373BEF /* CS+Dashboard.swift */; };
		197C90DA291F659D00373BEF /* CS+Dashboard.swift in Sources */ = {isa = PBXBuildFile; fileRef = 197C90D8291F653E00373BEF /* CS+Dashboard.swift */; };
		197C90DC291F65EE00373BEF /* CS+Health.swift in Sources */ = {isa = PBXBuildFile; fileRef = 197C90DB291F65EE00373BEF /* CS+Health.swift */; };
		199BA88E291653D00080925D /* CyberNavView.swift in Sources */ = {isa = PBXBuildFile; fileRef = 199BA88D291653D00080925D /* CyberNavView.swift */; };
		199BA890291653FE0080925D /* SettingView.swift in Sources */ = {isa = PBXBuildFile; fileRef = 199BA88F291653FE0080925D /* SettingView.swift */; };
		19B925762906A5370039948A /* HealthManager.swift in Sources */ = {isa = PBXBuildFile; fileRef = 19B925752906A5370039948A /* HealthManager.swift */; };
		19B925782906AD830039948A /* BodyMassView.swift in Sources */ = {isa = PBXBuildFile; fileRef = 19B925772906AD830039948A /* BodyMassView.swift */; };
		19BD734728CA07AF0062B8D9 /* landmarkData.json in Resources */ = {isa = PBXBuildFile; fileRef = 19BD734628CA07AF0062B8D9 /* landmarkData.json */; };
		19CE75EA28D22EB400AF8AFF /* Helper.swift in Sources */ = {isa = PBXBuildFile; fileRef = 19CE75E928D22EB400AF8AFF /* Helper.swift */; };
		19CE75ED28D2307F00AF8AFF /* Landmarks.swift in Sources */ = {isa = PBXBuildFile; fileRef = 19CE75EC28D2307F00AF8AFF /* Landmarks.swift */; };
		19CE75FD28D23A5F00AF8AFF /* ContentView.swift in Sources */ = {isa = PBXBuildFile; fileRef = 19CE75FC28D23A5F00AF8AFF /* ContentView.swift */; };
		19CE75FF28D23A6300AF8AFF /* Assets.xcassets in Resources */ = {isa = PBXBuildFile; fileRef = 19CE75FE28D23A6300AF8AFF /* Assets.xcassets */; };
		19CE760228D23A6300AF8AFF /* Preview Assets.xcassets in Resources */ = {isa = PBXBuildFile; fileRef = 19CE760128D23A6300AF8AFF /* Preview Assets.xcassets */; };
		19CE760728D23AAB00AF8AFF /* CyberApp.swift in Sources */ = {isa = PBXBuildFile; fileRef = 195A3D2E28BFA2C600239F01 /* CyberApp.swift */; };
		19CE760828D23AAB00AF8AFF /* Model.swift in Sources */ = {isa = PBXBuildFile; fileRef = 19D6C3BA28D1514300ED5D4B /* Model.swift */; };
		19CE760A28D23AAB00AF8AFF /* Landmarks.swift in Sources */ = {isa = PBXBuildFile; fileRef = 19CE75EC28D2307F00AF8AFF /* Landmarks.swift */; };
		19CE760B28D23AAB00AF8AFF /* Helper.swift in Sources */ = {isa = PBXBuildFile; fileRef = 19CE75E928D22EB400AF8AFF /* Helper.swift */; };
		19CE760C28D23AAB00AF8AFF /* Assets.xcassets in Resources */ = {isa = PBXBuildFile; fileRef = 195A3D3228BFA2C700239F01 /* Assets.xcassets */; };
		19CE760D28D23AAB00AF8AFF /* Badge.swift in Sources */ = {isa = PBXBuildFile; fileRef = 19D6C3B628D14C4000ED5D4B /* Badge.swift */; };
		19CE760E28D23AAB00AF8AFF /* Hike.swift in Sources */ = {isa = PBXBuildFile; fileRef = 19D6C3BC28D1522E00ED5D4B /* Hike.swift */; };
		19CE760F28D23AAF00AF8AFF /* landmarkData.json in Resources */ = {isa = PBXBuildFile; fileRef = 19BD734628CA07AF0062B8D9 /* landmarkData.json */; };
		19CE761028D23AB100AF8AFF /* hikeData.json in Resources */ = {isa = PBXBuildFile; fileRef = 19D6C3B828D1510A00ED5D4B /* hikeData.json */; };
		19CE761228D23D8200AF8AFF /* LandmarksMac.swift in Sources */ = {isa = PBXBuildFile; fileRef = 19CE761128D23D8200AF8AFF /* LandmarksMac.swift */; };
		19CE761428D23F9C00AF8AFF /* Settings.swift in Sources */ = {isa = PBXBuildFile; fileRef = 19CE761328D23F9C00AF8AFF /* Settings.swift */; };
		19CE761628D240D500AF8AFF /* LandmarkCommands.swift in Sources */ = {isa = PBXBuildFile; fileRef = 19CE761528D240D500AF8AFF /* LandmarkCommands.swift */; };
		19CE761728D240D500AF8AFF /* LandmarkCommands.swift in Sources */ = {isa = PBXBuildFile; fileRef = 19CE761528D240D500AF8AFF /* LandmarkCommands.swift */; };
		19D2A9E028D489AE009C81C4 /* Bullseye.swift in Sources */ = {isa = PBXBuildFile; fileRef = 19D2A9DF28D489AE009C81C4 /* Bullseye.swift */; };
		19D2A9E528D4B045009C81C4 /* Game.swift in Sources */ = {isa = PBXBuildFile; fileRef = 19D2A9E428D4B045009C81C4 /* Game.swift */; };
		19D2A9F028D4B4F6009C81C4 /* CyberMeTests.swift in Sources */ = {isa = PBXBuildFile; fileRef = 19D2A9EF28D4B4F6009C81C4 /* CyberMeTests.swift */; };
		19D6C3B728D14C4000ED5D4B /* Badge.swift in Sources */ = {isa = PBXBuildFile; fileRef = 19D6C3B628D14C4000ED5D4B /* Badge.swift */; };
		19D6C3B928D1510A00ED5D4B /* hikeData.json in Resources */ = {isa = PBXBuildFile; fileRef = 19D6C3B828D1510A00ED5D4B /* hikeData.json */; };
		19D6C3BB28D1514300ED5D4B /* Model.swift in Sources */ = {isa = PBXBuildFile; fileRef = 19D6C3BA28D1514300ED5D4B /* Model.swift */; };
		19D6C3BD28D1522E00ED5D4B /* Hike.swift in Sources */ = {isa = PBXBuildFile; fileRef = 19D6C3BC28D1522E00ED5D4B /* Hike.swift */; };
		19DBD54F28D61E190086B710 /* LeaderBoard.swift in Sources */ = {isa = PBXBuildFile; fileRef = 19DBD54E28D61E190086B710 /* LeaderBoard.swift */; };
		19F4DC02291E2585006B7D92 /* DashboardView.swift in Sources */ = {isa = PBXBuildFile; fileRef = 19F4DC01291E2585006B7D92 /* DashboardView.swift */; };
		19FD182928D9CBB0004F97B3 /* WidgetKit.framework in Frameworks */ = {isa = PBXBuildFile; fileRef = 19FD180028D9CB27004F97B3 /* WidgetKit.framework */; };
		19FD182A28D9CBB0004F97B3 /* SwiftUI.framework in Frameworks */ = {isa = PBXBuildFile; fileRef = 19FD180228D9CB27004F97B3 /* SwiftUI.framework */; };
		19FD182D28D9CBB0004F97B3 /* CyberMeWidget.swift in Sources */ = {isa = PBXBuildFile; fileRef = 19FD182C28D9CBB0004F97B3 /* CyberMeWidget.swift */; };
		19FD182F28D9CBB1004F97B3 /* Assets.xcassets in Resources */ = {isa = PBXBuildFile; fileRef = 19FD182E28D9CBB1004F97B3 /* Assets.xcassets */; };
		19FD183328D9CBB1004F97B3 /* CyberMeWidgetExtension.appex in Embed App Extensions */ = {isa = PBXBuildFile; fileRef = 19FD182828D9CBB0004F97B3 /* CyberMeWidgetExtension.appex */; settings = {ATTRIBUTES = (RemoveHeadersOnCopy, ); }; };
		19FF8EC529001FCA009C96C3 /* View+Extension.swift in Sources */ = {isa = PBXBuildFile; fileRef = 19FF8EC429001FCA009C96C3 /* View+Extension.swift */; };
		19FF8EC629001FCA009C96C3 /* View+Extension.swift in Sources */ = {isa = PBXBuildFile; fileRef = 19FF8EC429001FCA009C96C3 /* View+Extension.swift */; };
		19FFA8FA290FC16800024E87 /* FoodAccountDAO+CoreDataClass.swift in Sources */ = {isa = PBXBuildFile; fileRef = 19FFA8F8290FC16800024E87 /* FoodAccountDAO+CoreDataClass.swift */; };
		19FFA8FB290FC16800024E87 /* FoodAccountDAO+CoreDataProperties.swift in Sources */ = {isa = PBXBuildFile; fileRef = 19FFA8F9290FC16800024E87 /* FoodAccountDAO+CoreDataProperties.swift */; };
/* End PBXBuildFile section */

/* Begin PBXContainerItemProxy section */
		19D2A9F128D4B4F6009C81C4 /* PBXContainerItemProxy */ = {
			isa = PBXContainerItemProxy;
			containerPortal = 195A3D2328BFA2C600239F01 /* Project object */;
			proxyType = 1;
			remoteGlobalIDString = 195A3D2A28BFA2C600239F01;
			remoteInfo = helloSwift;
		};
		19FD183128D9CBB1004F97B3 /* PBXContainerItemProxy */ = {
			isa = PBXContainerItemProxy;
			containerPortal = 195A3D2328BFA2C600239F01 /* Project object */;
			proxyType = 1;
			remoteGlobalIDString = 19FD182728D9CBB0004F97B3;
			remoteInfo = CyberMeWidgetExtension;
		};
/* End PBXContainerItemProxy section */

/* Begin PBXCopyFilesBuildPhase section */
		19CE757D28D22B4A00AF8AFF /* Embed Watch Content */ = {
			isa = PBXCopyFilesBuildPhase;
			buildActionMask = 2147483647;
			dstPath = "$(CONTENTS_FOLDER_PATH)/Watch";
			dstSubfolderSpec = 16;
			files = (
			);
			name = "Embed Watch Content";
			runOnlyForDeploymentPostprocessing = 0;
		};
		19FD180D28D9CB28004F97B3 /* Embed App Extensions */ = {
			isa = PBXCopyFilesBuildPhase;
			buildActionMask = 2147483647;
			dstPath = "";
			dstSubfolderSpec = 13;
			files = (
				19FD183328D9CBB1004F97B3 /* CyberMeWidgetExtension.appex in Embed App Extensions */,
			);
			name = "Embed App Extensions";
			runOnlyForDeploymentPostprocessing = 0;
		};
/* End PBXCopyFilesBuildPhase section */

/* Begin PBXFileReference section */
		190995B82900112A000B5770 /* CS+API.swift */ = {isa = PBXFileReference; lastKnownFileType = sourcecode.swift; path = "CS+API.swift"; sourceTree = "<group>"; };
		190995BB29001135000B5770 /* CS+Setting.swift */ = {isa = PBXFileReference; lastKnownFileType = sourcecode.swift; path = "CS+Setting.swift"; sourceTree = "<group>"; };
		190C4D3828D7D80C00C1CAE1 /* ReadMe.swift */ = {isa = PBXFileReference; lastKnownFileType = sourcecode.swift; path = ReadMe.swift; sourceTree = "<group>"; };
		190C4D3A28D7D81800C1CAE1 /* Book.swift */ = {isa = PBXFileReference; lastKnownFileType = sourcecode.swift; path = Book.swift; sourceTree = "<group>"; };
		190C4D3C28D7E34300C1CAE1 /* DetailView.swift */ = {isa = PBXFileReference; lastKnownFileType = sourcecode.swift; path = DetailView.swift; sourceTree = "<group>"; };
		193323A128D2264F0038AD74 /* Feature.swift */ = {isa = PBXFileReference; lastKnownFileType = sourcecode.swift; path = Feature.swift; sourceTree = "<group>"; };
		193548D3290C132B00B2266C /* FoodAccount.swift */ = {isa = PBXFileReference; lastKnownFileType = sourcecode.swift; path = FoodAccount.swift; sourceTree = "<group>"; };
		193548D7290CD99F00B2266C /* FoodAccount.xcdatamodel */ = {isa = PBXFileReference; lastKnownFileType = wrapper.xcdatamodel; path = FoodAccount.xcdatamodel; sourceTree = "<group>"; };
		193548E2290CF5CD00B2266C /* Default.swift */ = {isa = PBXFileReference; lastKnownFileType = sourcecode.swift; path = Default.swift; sourceTree = "<group>"; };
		193C8A1A291223EE00FF975F /* Number+Extension.swift */ = {isa = PBXFileReference; lastKnownFileType = sourcecode.swift; path = "Number+Extension.swift"; sourceTree = "<group>"; };
		1948647F28D883A500064104 /* PhPicker.swift */ = {isa = PBXFileReference; lastKnownFileType = sourcecode.swift; path = PhPicker.swift; sourceTree = "<group>"; };
		1948648128D89DF300064104 /* TodoView.swift */ = {isa = PBXFileReference; lastKnownFileType = sourcecode.swift; path = TodoView.swift; sourceTree = "<group>"; };
		1948B75E28F6C569009BECD0 /* WidgetService.swift */ = {isa = PBXFileReference; lastKnownFileType = sourcecode.swift; path = WidgetService.swift; sourceTree = "<group>"; };
		1948B76328F6EDBC009BECD0 /* Info.plist */ = {isa = PBXFileReference; lastKnownFileType = text.plist; path = Info.plist; sourceTree = "<group>"; };
		1948B76428F858CD009BECD0 /* TimeUtil.swift */ = {isa = PBXFileReference; lastKnownFileType = sourcecode.swift; path = TimeUtil.swift; sourceTree = "<group>"; };
		194ABAD7292CF5E70000F8D4 /* FitnessView.swift */ = {isa = PBXFileReference; lastKnownFileType = sourcecode.swift; path = FitnessView.swift; sourceTree = "<group>"; };
		195A3D2B28BFA2C600239F01 /* CyberMe.app */ = {isa = PBXFileReference; explicitFileType = wrapper.application; includeInIndex = 0; path = CyberMe.app; sourceTree = BUILT_PRODUCTS_DIR; };
		195A3D2E28BFA2C600239F01 /* CyberApp.swift */ = {isa = PBXFileReference; lastKnownFileType = sourcecode.swift; path = CyberApp.swift; sourceTree = "<group>"; };
		195A3D3028BFA2C600239F01 /* ContentView.swift */ = {isa = PBXFileReference; lastKnownFileType = sourcecode.swift; path = ContentView.swift; sourceTree = "<group>"; };
		195A3D3228BFA2C700239F01 /* Assets.xcassets */ = {isa = PBXFileReference; lastKnownFileType = folder.assetcatalog; path = Assets.xcassets; sourceTree = "<group>"; };
		195A3D3528BFA2C700239F01 /* Preview Assets.xcassets */ = {isa = PBXFileReference; lastKnownFileType = folder.assetcatalog; path = "Preview Assets.xcassets"; sourceTree = "<group>"; };
		195DCC6829815AC800C615AD /* TicketView.swift */ = {isa = PBXFileReference; lastKnownFileType = sourcecode.swift; path = TicketView.swift; sourceTree = "<group>"; };
		1961069F2924EDC2005D08D7 /* SimpleInfoView.swift */ = {isa = PBXFileReference; lastKnownFileType = sourcecode.swift; path = SimpleInfoView.swift; sourceTree = "<group>"; };
		19625BA128D365B600860518 /* CyberHomeView.swift */ = {isa = PBXFileReference; lastKnownFileType = sourcecode.swift; path = CyberHomeView.swift; sourceTree = "<group>"; };
		19625BA428D36D9E00860518 /* CyberService.swift */ = {isa = PBXFileReference; lastKnownFileType = sourcecode.swift; path = CyberService.swift; sourceTree = "<group>"; };
		197C90D6291F620C00373BEF /* CS+WeekPlan.swift */ = {isa = PBXFileReference; lastKnownFileType = sourcecode.swift; path = "CS+WeekPlan.swift"; sourceTree = "<group>"; };
		197C90D8291F653E00373BEF /* CS+Dashboard.swift */ = {isa = PBXFileReference; lastKnownFileType = sourcecode.swift; path = "CS+Dashboard.swift"; sourceTree = "<group>"; };
		197C90DB291F65EE00373BEF /* CS+Health.swift */ = {isa = PBXFileReference; lastKnownFileType = sourcecode.swift; path = "CS+Health.swift"; sourceTree = "<group>"; };
		199BA88D291653D00080925D /* CyberNavView.swift */ = {isa = PBXFileReference; lastKnownFileType = sourcecode.swift; path = CyberNavView.swift; sourceTree = "<group>"; };
		199BA88F291653FE0080925D /* SettingView.swift */ = {isa = PBXFileReference; lastKnownFileType = sourcecode.swift; path = SettingView.swift; sourceTree = "<group>"; };
		19B925752906A5370039948A /* HealthManager.swift */ = {isa = PBXFileReference; lastKnownFileType = sourcecode.swift; path = HealthManager.swift; sourceTree = "<group>"; };
		19B925772906AD830039948A /* BodyMassView.swift */ = {isa = PBXFileReference; lastKnownFileType = sourcecode.swift; path = BodyMassView.swift; sourceTree = "<group>"; };
		19BD734628CA07AF0062B8D9 /* landmarkData.json */ = {isa = PBXFileReference; fileEncoding = 4; lastKnownFileType = text.json; path = landmarkData.json; sourceTree = "<group>"; };
		19BD734828CAB6400062B8D9 /* README.md */ = {isa = PBXFileReference; lastKnownFileType = net.daringfireball.markdown; path = README.md; sourceTree = "<group>"; };
		19CE75E928D22EB400AF8AFF /* Helper.swift */ = {isa = PBXFileReference; lastKnownFileType = sourcecode.swift; path = Helper.swift; sourceTree = "<group>"; };
		19CE75EC28D2307F00AF8AFF /* Landmarks.swift */ = {isa = PBXFileReference; lastKnownFileType = sourcecode.swift; path = Landmarks.swift; sourceTree = "<group>"; };
		19CE75F828D23A5F00AF8AFF /* MacLandmarks.app */ = {isa = PBXFileReference; explicitFileType = wrapper.application; includeInIndex = 0; path = MacLandmarks.app; sourceTree = BUILT_PRODUCTS_DIR; };
		19CE75FC28D23A5F00AF8AFF /* ContentView.swift */ = {isa = PBXFileReference; lastKnownFileType = sourcecode.swift; path = ContentView.swift; sourceTree = "<group>"; };
		19CE75FE28D23A6300AF8AFF /* Assets.xcassets */ = {isa = PBXFileReference; lastKnownFileType = folder.assetcatalog; path = Assets.xcassets; sourceTree = "<group>"; };
		19CE760128D23A6300AF8AFF /* Preview Assets.xcassets */ = {isa = PBXFileReference; lastKnownFileType = folder.assetcatalog; path = "Preview Assets.xcassets"; sourceTree = "<group>"; };
		19CE760328D23A6300AF8AFF /* MacLandmarks.entitlements */ = {isa = PBXFileReference; lastKnownFileType = text.plist.entitlements; path = MacLandmarks.entitlements; sourceTree = "<group>"; };
		19CE761128D23D8200AF8AFF /* LandmarksMac.swift */ = {isa = PBXFileReference; lastKnownFileType = sourcecode.swift; path = LandmarksMac.swift; sourceTree = "<group>"; };
		19CE761328D23F9C00AF8AFF /* Settings.swift */ = {isa = PBXFileReference; lastKnownFileType = sourcecode.swift; path = Settings.swift; sourceTree = "<group>"; };
		19CE761528D240D500AF8AFF /* LandmarkCommands.swift */ = {isa = PBXFileReference; lastKnownFileType = sourcecode.swift; path = LandmarkCommands.swift; sourceTree = "<group>"; };
		19D2A9DF28D489AE009C81C4 /* Bullseye.swift */ = {isa = PBXFileReference; lastKnownFileType = sourcecode.swift; path = Bullseye.swift; sourceTree = "<group>"; };
		19D2A9E428D4B045009C81C4 /* Game.swift */ = {isa = PBXFileReference; lastKnownFileType = sourcecode.swift; path = Game.swift; sourceTree = "<group>"; };
		19D2A9ED28D4B4F6009C81C4 /* CyberMeTests.xctest */ = {isa = PBXFileReference; explicitFileType = wrapper.cfbundle; includeInIndex = 0; path = CyberMeTests.xctest; sourceTree = BUILT_PRODUCTS_DIR; };
		19D2A9EF28D4B4F6009C81C4 /* CyberMeTests.swift */ = {isa = PBXFileReference; lastKnownFileType = sourcecode.swift; path = CyberMeTests.swift; sourceTree = "<group>"; };
		19D6C3B628D14C4000ED5D4B /* Badge.swift */ = {isa = PBXFileReference; lastKnownFileType = sourcecode.swift; path = Badge.swift; sourceTree = "<group>"; };
		19D6C3B828D1510A00ED5D4B /* hikeData.json */ = {isa = PBXFileReference; fileEncoding = 4; lastKnownFileType = text.json; path = hikeData.json; sourceTree = "<group>"; };
		19D6C3BA28D1514300ED5D4B /* Model.swift */ = {isa = PBXFileReference; lastKnownFileType = sourcecode.swift; path = Model.swift; sourceTree = "<group>"; };
		19D6C3BC28D1522E00ED5D4B /* Hike.swift */ = {isa = PBXFileReference; lastKnownFileType = sourcecode.swift; path = Hike.swift; sourceTree = "<group>"; };
		19DBD54E28D61E190086B710 /* LeaderBoard.swift */ = {isa = PBXFileReference; lastKnownFileType = sourcecode.swift; path = LeaderBoard.swift; sourceTree = "<group>"; };
		19F4DC01291E2585006B7D92 /* DashboardView.swift */ = {isa = PBXFileReference; lastKnownFileType = sourcecode.swift; path = DashboardView.swift; sourceTree = "<group>"; };
		19FD180028D9CB27004F97B3 /* WidgetKit.framework */ = {isa = PBXFileReference; lastKnownFileType = wrapper.framework; name = WidgetKit.framework; path = System/Library/Frameworks/WidgetKit.framework; sourceTree = SDKROOT; };
		19FD180228D9CB27004F97B3 /* SwiftUI.framework */ = {isa = PBXFileReference; lastKnownFileType = wrapper.framework; name = SwiftUI.framework; path = System/Library/Frameworks/SwiftUI.framework; sourceTree = SDKROOT; };
		19FD182828D9CBB0004F97B3 /* CyberMeWidgetExtension.appex */ = {isa = PBXFileReference; explicitFileType = "wrapper.app-extension"; includeInIndex = 0; path = CyberMeWidgetExtension.appex; sourceTree = BUILT_PRODUCTS_DIR; };
		19FD182C28D9CBB0004F97B3 /* CyberMeWidget.swift */ = {isa = PBXFileReference; lastKnownFileType = sourcecode.swift; path = CyberMeWidget.swift; sourceTree = "<group>"; };
		19FD182E28D9CBB1004F97B3 /* Assets.xcassets */ = {isa = PBXFileReference; lastKnownFileType = folder.assetcatalog; path = Assets.xcassets; sourceTree = "<group>"; };
		19FD183028D9CBB1004F97B3 /* Info.plist */ = {isa = PBXFileReference; lastKnownFileType = text.plist.xml; path = Info.plist; sourceTree = "<group>"; };
		19FF8EC429001FCA009C96C3 /* View+Extension.swift */ = {isa = PBXFileReference; lastKnownFileType = sourcecode.swift; path = "View+Extension.swift"; sourceTree = "<group>"; };
		19FF8EC72900202C009C96C3 /* CyberMe.entitlements */ = {isa = PBXFileReference; lastKnownFileType = text.plist.entitlements; path = CyberMe.entitlements; sourceTree = "<group>"; };
		19FF8EC829002041009C96C3 /* CyberMeWidgetExtension.entitlements */ = {isa = PBXFileReference; lastKnownFileType = text.plist.entitlements; path = CyberMeWidgetExtension.entitlements; sourceTree = "<group>"; };
		19FFA8F8290FC16800024E87 /* FoodAccountDAO+CoreDataClass.swift */ = {isa = PBXFileReference; lastKnownFileType = sourcecode.swift; path = "FoodAccountDAO+CoreDataClass.swift"; sourceTree = "<group>"; };
		19FFA8F9290FC16800024E87 /* FoodAccountDAO+CoreDataProperties.swift */ = {isa = PBXFileReference; lastKnownFileType = sourcecode.swift; path = "FoodAccountDAO+CoreDataProperties.swift"; sourceTree = "<group>"; };
/* End PBXFileReference section */

/* Begin PBXFrameworksBuildPhase section */
		195A3D2828BFA2C600239F01 /* Frameworks */ = {
			isa = PBXFrameworksBuildPhase;
			buildActionMask = 2147483647;
			files = (
			);
			runOnlyForDeploymentPostprocessing = 0;
		};
		19CE75F528D23A5F00AF8AFF /* Frameworks */ = {
			isa = PBXFrameworksBuildPhase;
			buildActionMask = 2147483647;
			files = (
			);
			runOnlyForDeploymentPostprocessing = 0;
		};
		19D2A9EA28D4B4F6009C81C4 /* Frameworks */ = {
			isa = PBXFrameworksBuildPhase;
			buildActionMask = 2147483647;
			files = (
			);
			runOnlyForDeploymentPostprocessing = 0;
		};
		19FD182528D9CBB0004F97B3 /* Frameworks */ = {
			isa = PBXFrameworksBuildPhase;
			buildActionMask = 2147483647;
			files = (
				19FD182A28D9CBB0004F97B3 /* SwiftUI.framework in Frameworks */,
				19FD182928D9CBB0004F97B3 /* WidgetKit.framework in Frameworks */,
			);
			runOnlyForDeploymentPostprocessing = 0;
		};
/* End PBXFrameworksBuildPhase section */

/* Begin PBXGroup section */
		190C4D3728D7D7FB00C1CAE1 /* tourtal2 */ = {
			isa = PBXGroup;
			children = (
				190C4D3828D7D80C00C1CAE1 /* ReadMe.swift */,
				190C4D3A28D7D81800C1CAE1 /* Book.swift */,
				190C4D3C28D7E34300C1CAE1 /* DetailView.swift */,
				1948647F28D883A500064104 /* PhPicker.swift */,
			);
			path = tourtal2;
			sourceTree = "<group>";
		};
		193548D5290CD97E00B2266C /* database */ = {
			isa = PBXGroup;
			children = (
				193548D9290CDA6C00B2266C /* generate */,
				193548D6290CD99F00B2266C /* FoodAccount.xcdatamodeld */,
			);
			path = database;
			sourceTree = "<group>";
		};
		193548D9290CDA6C00B2266C /* generate */ = {
			isa = PBXGroup;
			children = (
				19FFA8F8290FC16800024E87 /* FoodAccountDAO+CoreDataClass.swift */,
				19FFA8F9290FC16800024E87 /* FoodAccountDAO+CoreDataProperties.swift */,
			);
			path = generate;
			sourceTree = "<group>";
		};
		193C8A1D2912556900FF975F /* view */ = {
			isa = PBXGroup;
			children = (
				199BA88D291653D00080925D /* CyberNavView.swift */,
				19625BA128D365B600860518 /* CyberHomeView.swift */,
				199BA88F291653FE0080925D /* SettingView.swift */,
				1948648128D89DF300064104 /* TodoView.swift */,
				19B925772906AD830039948A /* BodyMassView.swift */,
				193548D3290C132B00B2266C /* FoodAccount.swift */,
				19F4DC01291E2585006B7D92 /* DashboardView.swift */,
				1961069F2924EDC2005D08D7 /* SimpleInfoView.swift */,
				194ABAD7292CF5E70000F8D4 /* FitnessView.swift */,
				195DCC6829815AC800C615AD /* TicketView.swift */,
			);
			path = view;
			sourceTree = "<group>";
		};
		195A3D2228BFA2C600239F01 = {
			isa = PBXGroup;
			children = (
				19BD734828CAB6400062B8D9 /* README.md */,
				195A3D2D28BFA2C600239F01 /* CyberMe */,
				19CE75F928D23A5F00AF8AFF /* CyberMeMac */,
				19D2A9EE28D4B4F6009C81C4 /* CyberMeTests */,
				19FD182B28D9CBB0004F97B3 /* CyberMeWidget */,
				19FD17FF28D9CB27004F97B3 /* Frameworks */,
				195A3D2C28BFA2C600239F01 /* Products */,
			);
			sourceTree = "<group>";
		};
		195A3D2C28BFA2C600239F01 /* Products */ = {
			isa = PBXGroup;
			children = (
				195A3D2B28BFA2C600239F01 /* CyberMe.app */,
				19CE75F828D23A5F00AF8AFF /* MacLandmarks.app */,
				19D2A9ED28D4B4F6009C81C4 /* CyberMeTests.xctest */,
				19FD182828D9CBB0004F97B3 /* CyberMeWidgetExtension.appex */,
			);
			name = Products;
			sourceTree = "<group>";
		};
		195A3D2D28BFA2C600239F01 /* CyberMe */ = {
			isa = PBXGroup;
			children = (
				19D2A9E128D4AF40009C81C4 /* app */,
				19D2A9DD28D48953009C81C4 /* cyber */,
				193C8A1D2912556900FF975F /* view */,
				193548D5290CD97E00B2266C /* database */,
				19D2A9DC28D48912009C81C4 /* landmarks */,
				19D2A9DE28D48987009C81C4 /* tourtal1 */,
				190C4D3728D7D7FB00C1CAE1 /* tourtal2 */,
				19FF8EC72900202C009C96C3 /* CyberMe.entitlements */,
				1948B76328F6EDBC009BECD0 /* Info.plist */,
				195A3D3428BFA2C700239F01 /* Preview Content */,
			);
			path = CyberMe;
			sourceTree = "<group>";
		};
		195A3D3428BFA2C700239F01 /* Preview Content */ = {
			isa = PBXGroup;
			children = (
				195A3D3528BFA2C700239F01 /* Preview Assets.xcassets */,
			);
			path = "Preview Content";
			sourceTree = "<group>";
		};
		19CE75F928D23A5F00AF8AFF /* CyberMeMac */ = {
			isa = PBXGroup;
			children = (
				19CE75FC28D23A5F00AF8AFF /* ContentView.swift */,
				19CE75FE28D23A6300AF8AFF /* Assets.xcassets */,
				19CE760328D23A6300AF8AFF /* MacLandmarks.entitlements */,
				19CE760028D23A6300AF8AFF /* Preview Content */,
				19CE761128D23D8200AF8AFF /* LandmarksMac.swift */,
				19CE761328D23F9C00AF8AFF /* Settings.swift */,
				19CE761528D240D500AF8AFF /* LandmarkCommands.swift */,
			);
			path = CyberMeMac;
			sourceTree = "<group>";
		};
		19CE760028D23A6300AF8AFF /* Preview Content */ = {
			isa = PBXGroup;
			children = (
				19CE760128D23A6300AF8AFF /* Preview Assets.xcassets */,
			);
			path = "Preview Content";
			sourceTree = "<group>";
		};
		19D2A9DC28D48912009C81C4 /* landmarks */ = {
			isa = PBXGroup;
			children = (
				19D6C3B828D1510A00ED5D4B /* hikeData.json */,
				19BD734628CA07AF0062B8D9 /* landmarkData.json */,
				19D6C3BA28D1514300ED5D4B /* Model.swift */,
				19CE75E928D22EB400AF8AFF /* Helper.swift */,
				195A3D3028BFA2C600239F01 /* ContentView.swift */,
				193323A128D2264F0038AD74 /* Feature.swift */,
				19D6C3B628D14C4000ED5D4B /* Badge.swift */,
				19D6C3BC28D1522E00ED5D4B /* Hike.swift */,
				19CE75EC28D2307F00AF8AFF /* Landmarks.swift */,
			);
			path = landmarks;
			sourceTree = "<group>";
		};
		19D2A9DD28D48953009C81C4 /* cyber */ = {
			isa = PBXGroup;
			children = (
				193548E2290CF5CD00B2266C /* Default.swift */,
				19625BA428D36D9E00860518 /* CyberService.swift */,
				190995B82900112A000B5770 /* CS+API.swift */,
				190995BB29001135000B5770 /* CS+Setting.swift */,
				197C90D8291F653E00373BEF /* CS+Dashboard.swift */,
				197C90DB291F65EE00373BEF /* CS+Health.swift */,
				197C90D6291F620C00373BEF /* CS+WeekPlan.swift */,
				1948B75E28F6C569009BECD0 /* WidgetService.swift */,
				19B925752906A5370039948A /* HealthManager.swift */,
			);
			path = cyber;
			sourceTree = "<group>";
		};
		19D2A9DE28D48987009C81C4 /* tourtal1 */ = {
			isa = PBXGroup;
			children = (
				19D2A9E328D4B028009C81C4 /* view */,
				19D2A9E228D4B020009C81C4 /* model */,
			);
			path = tourtal1;
			sourceTree = "<group>";
		};
		19D2A9E128D4AF40009C81C4 /* app */ = {
			isa = PBXGroup;
			children = (
				195A3D2E28BFA2C600239F01 /* CyberApp.swift */,
				1948B76428F858CD009BECD0 /* TimeUtil.swift */,
				19FF8EC429001FCA009C96C3 /* View+Extension.swift */,
				193C8A1A291223EE00FF975F /* Number+Extension.swift */,
				195A3D3228BFA2C700239F01 /* Assets.xcassets */,
			);
			path = app;
			sourceTree = "<group>";
		};
		19D2A9E228D4B020009C81C4 /* model */ = {
			isa = PBXGroup;
			children = (
				19D2A9E428D4B045009C81C4 /* Game.swift */,
			);
			path = model;
			sourceTree = "<group>";
		};
		19D2A9E328D4B028009C81C4 /* view */ = {
			isa = PBXGroup;
			children = (
				19D2A9DF28D489AE009C81C4 /* Bullseye.swift */,
				19DBD54E28D61E190086B710 /* LeaderBoard.swift */,
			);
			path = view;
			sourceTree = "<group>";
		};
		19D2A9EE28D4B4F6009C81C4 /* CyberMeTests */ = {
			isa = PBXGroup;
			children = (
				19D2A9EF28D4B4F6009C81C4 /* CyberMeTests.swift */,
			);
			path = CyberMeTests;
			sourceTree = "<group>";
		};
		19FD17FF28D9CB27004F97B3 /* Frameworks */ = {
			isa = PBXGroup;
			children = (
				19FD180028D9CB27004F97B3 /* WidgetKit.framework */,
				19FD180228D9CB27004F97B3 /* SwiftUI.framework */,
			);
			name = Frameworks;
			sourceTree = "<group>";
		};
		19FD182B28D9CBB0004F97B3 /* CyberMeWidget */ = {
			isa = PBXGroup;
			children = (
				19FF8EC829002041009C96C3 /* CyberMeWidgetExtension.entitlements */,
				19FD182C28D9CBB0004F97B3 /* CyberMeWidget.swift */,
				19FD182E28D9CBB1004F97B3 /* Assets.xcassets */,
				19FD183028D9CBB1004F97B3 /* Info.plist */,
			);
			path = CyberMeWidget;
			sourceTree = "<group>";
		};
/* End PBXGroup section */

/* Begin PBXNativeTarget section */
		195A3D2A28BFA2C600239F01 /* helloSwift */ = {
			isa = PBXNativeTarget;
			buildConfigurationList = 195A3D4F28BFA2C800239F01 /* Build configuration list for PBXNativeTarget "helloSwift" */;
			buildPhases = (
				195A3D2728BFA2C600239F01 /* Sources */,
				195A3D2828BFA2C600239F01 /* Frameworks */,
				195A3D2928BFA2C600239F01 /* Resources */,
				19CE757D28D22B4A00AF8AFF /* Embed Watch Content */,
				19FD180D28D9CB28004F97B3 /* Embed App Extensions */,
			);
			buildRules = (
			);
			dependencies = (
				19FD183228D9CBB1004F97B3 /* PBXTargetDependency */,
			);
			name = helloSwift;
			productName = helloSwift;
			productReference = 195A3D2B28BFA2C600239F01 /* CyberMe.app */;
			productType = "com.apple.product-type.application";
		};
		19CE75F728D23A5F00AF8AFF /* MacLandmarks */ = {
			isa = PBXNativeTarget;
			buildConfigurationList = 19CE760428D23A6300AF8AFF /* Build configuration list for PBXNativeTarget "MacLandmarks" */;
			buildPhases = (
				19CE75F428D23A5F00AF8AFF /* Sources */,
				19CE75F528D23A5F00AF8AFF /* Frameworks */,
				19CE75F628D23A5F00AF8AFF /* Resources */,
			);
			buildRules = (
			);
			dependencies = (
			);
			name = MacLandmarks;
			productName = MacLandmarks;
			productReference = 19CE75F828D23A5F00AF8AFF /* MacLandmarks.app */;
			productType = "com.apple.product-type.application";
		};
		19D2A9EC28D4B4F6009C81C4 /* CyberMeTests */ = {
			isa = PBXNativeTarget;
			buildConfigurationList = 19D2A9F328D4B4F6009C81C4 /* Build configuration list for PBXNativeTarget "CyberMeTests" */;
			buildPhases = (
				19D2A9E928D4B4F6009C81C4 /* Sources */,
				19D2A9EA28D4B4F6009C81C4 /* Frameworks */,
				19D2A9EB28D4B4F6009C81C4 /* Resources */,
			);
			buildRules = (
			);
			dependencies = (
				19D2A9F228D4B4F6009C81C4 /* PBXTargetDependency */,
			);
			name = CyberMeTests;
			productName = CyberMeTests;
			productReference = 19D2A9ED28D4B4F6009C81C4 /* CyberMeTests.xctest */;
			productType = "com.apple.product-type.bundle.unit-test";
		};
		19FD182728D9CBB0004F97B3 /* CyberMeWidgetExtension */ = {
			isa = PBXNativeTarget;
			buildConfigurationList = 19FD183428D9CBB1004F97B3 /* Build configuration list for PBXNativeTarget "CyberMeWidgetExtension" */;
			buildPhases = (
				19FD182428D9CBB0004F97B3 /* Sources */,
				19FD182528D9CBB0004F97B3 /* Frameworks */,
				19FD182628D9CBB0004F97B3 /* Resources */,
			);
			buildRules = (
			);
			dependencies = (
			);
			name = CyberMeWidgetExtension;
			productName = CyberMeWidgetExtension;
			productReference = 19FD182828D9CBB0004F97B3 /* CyberMeWidgetExtension.appex */;
			productType = "com.apple.product-type.app-extension";
		};
/* End PBXNativeTarget section */

/* Begin PBXProject section */
		195A3D2328BFA2C600239F01 /* Project object */ = {
			isa = PBXProject;
			attributes = {
				BuildIndependentTargetsInParallel = 1;
				LastSwiftUpdateCheck = 1320;
				LastUpgradeCheck = 1320;
				TargetAttributes = {
					195A3D2A28BFA2C600239F01 = {
						CreatedOnToolsVersion = 13.2.1;
					};
					19CE75F728D23A5F00AF8AFF = {
						CreatedOnToolsVersion = 13.2.1;
					};
					19D2A9EC28D4B4F6009C81C4 = {
						CreatedOnToolsVersion = 13.2.1;
						TestTargetID = 195A3D2A28BFA2C600239F01;
					};
					19FD182728D9CBB0004F97B3 = {
						CreatedOnToolsVersion = 13.2.1;
					};
				};
			};
			buildConfigurationList = 195A3D2628BFA2C600239F01 /* Build configuration list for PBXProject "helloSwift" */;
			compatibilityVersion = "Xcode 13.0";
			developmentRegion = en;
			hasScannedForEncodings = 0;
			knownRegions = (
				en,
				Base,
			);
			mainGroup = 195A3D2228BFA2C600239F01;
			productRefGroup = 195A3D2C28BFA2C600239F01 /* Products */;
			projectDirPath = "";
			projectRoot = "";
			targets = (
				195A3D2A28BFA2C600239F01 /* helloSwift */,
				19CE75F728D23A5F00AF8AFF /* MacLandmarks */,
				19D2A9EC28D4B4F6009C81C4 /* CyberMeTests */,
				19FD182728D9CBB0004F97B3 /* CyberMeWidgetExtension */,
			);
		};
/* End PBXProject section */

/* Begin PBXResourcesBuildPhase section */
		195A3D2928BFA2C600239F01 /* Resources */ = {
			isa = PBXResourcesBuildPhase;
			buildActionMask = 2147483647;
			files = (
				19D6C3B928D1510A00ED5D4B /* hikeData.json in Resources */,
				195A3D3628BFA2C700239F01 /* Preview Assets.xcassets in Resources */,
				195A3D3328BFA2C700239F01 /* Assets.xcassets in Resources */,
				19BD734728CA07AF0062B8D9 /* landmarkData.json in Resources */,
			);
			runOnlyForDeploymentPostprocessing = 0;
		};
		19CE75F628D23A5F00AF8AFF /* Resources */ = {
			isa = PBXResourcesBuildPhase;
			buildActionMask = 2147483647;
			files = (
				19CE760228D23A6300AF8AFF /* Preview Assets.xcassets in Resources */,
				19CE760F28D23AAF00AF8AFF /* landmarkData.json in Resources */,
				19CE760C28D23AAB00AF8AFF /* Assets.xcassets in Resources */,
				19CE75FF28D23A6300AF8AFF /* Assets.xcassets in Resources */,
				19CE761028D23AB100AF8AFF /* hikeData.json in Resources */,
			);
			runOnlyForDeploymentPostprocessing = 0;
		};
		19D2A9EB28D4B4F6009C81C4 /* Resources */ = {
			isa = PBXResourcesBuildPhase;
			buildActionMask = 2147483647;
			files = (
			);
			runOnlyForDeploymentPostprocessing = 0;
		};
		19FD182628D9CBB0004F97B3 /* Resources */ = {
			isa = PBXResourcesBuildPhase;
			buildActionMask = 2147483647;
			files = (
				19FD182F28D9CBB1004F97B3 /* Assets.xcassets in Resources */,
			);
			runOnlyForDeploymentPostprocessing = 0;
		};
/* End PBXResourcesBuildPhase section */

/* Begin PBXSourcesBuildPhase section */
		195A3D2728BFA2C600239F01 /* Sources */ = {
			isa = PBXSourcesBuildPhase;
			buildActionMask = 2147483647;
			files = (
				199BA88E291653D00080925D /* CyberNavView.swift in Sources */,
				19625BA528D36D9E00860518 /* CyberService.swift in Sources */,
				19FFA8FB290FC16800024E87 /* FoodAccountDAO+CoreDataProperties.swift in Sources */,
				193C8A1B291223EE00FF975F /* Number+Extension.swift in Sources */,
				193323A228D2264F0038AD74 /* Feature.swift in Sources */,
				19CE75EA28D22EB400AF8AFF /* Helper.swift in Sources */,
				190C4D3D28D7E34300C1CAE1 /* DetailView.swift in Sources */,
				193548D4290C132B00B2266C /* FoodAccount.swift in Sources */,
				197C90D7291F620C00373BEF /* CS+WeekPlan.swift in Sources */,
				197C90DC291F65EE00373BEF /* CS+Health.swift in Sources */,
				190C4D3928D7D80C00C1CAE1 /* ReadMe.swift in Sources */,
				194ABAD8292CF5E70000F8D4 /* FitnessView.swift in Sources */,
				199BA890291653FE0080925D /* SettingView.swift in Sources */,
				193548E3290CF5CD00B2266C /* Default.swift in Sources */,
				195DCC6929815AC800C615AD /* TicketView.swift in Sources */,
				190995B92900112A000B5770 /* CS+API.swift in Sources */,
				19F4DC02291E2585006B7D92 /* DashboardView.swift in Sources */,
				1948B76528F858CD009BECD0 /* TimeUtil.swift in Sources */,
				19D2A9E528D4B045009C81C4 /* Game.swift in Sources */,
				19D6C3BD28D1522E00ED5D4B /* Hike.swift in Sources */,
				1948648228D89DF300064104 /* TodoView.swift in Sources */,
				196106A02924EDC2005D08D7 /* SimpleInfoView.swift in Sources */,
				19FFA8FA290FC16800024E87 /* FoodAccountDAO+CoreDataClass.swift in Sources */,
				197C90D9291F653E00373BEF /* CS+Dashboard.swift in Sources */,
				195A3D3128BFA2C600239F01 /* ContentView.swift in Sources */,
				190C4D3B28D7D81800C1CAE1 /* Book.swift in Sources */,
				19FF8EC529001FCA009C96C3 /* View+Extension.swift in Sources */,
				19D6C3B728D14C4000ED5D4B /* Badge.swift in Sources */,
				19B925782906AD830039948A /* BodyMassView.swift in Sources */,
				19B925762906A5370039948A /* HealthManager.swift in Sources */,
				19DBD54F28D61E190086B710 /* LeaderBoard.swift in Sources */,
				19625BA228D365B600860518 /* CyberHomeView.swift in Sources */,
				19CE761628D240D500AF8AFF /* LandmarkCommands.swift in Sources */,
				195A3D2F28BFA2C600239F01 /* CyberApp.swift in Sources */,
				19D6C3BB28D1514300ED5D4B /* Model.swift in Sources */,
				190995BC29001135000B5770 /* CS+Setting.swift in Sources */,
				19D2A9E028D489AE009C81C4 /* Bullseye.swift in Sources */,
				19CE75ED28D2307F00AF8AFF /* Landmarks.swift in Sources */,
				193548D8290CD99F00B2266C /* FoodAccount.xcdatamodeld in Sources */,
				1948B75F28F6C569009BECD0 /* WidgetService.swift in Sources */,
				1948648028D883A500064104 /* PhPicker.swift in Sources */,
			);
			runOnlyForDeploymentPostprocessing = 0;
		};
		19CE75F428D23A5F00AF8AFF /* Sources */ = {
			isa = PBXSourcesBuildPhase;
			buildActionMask = 2147483647;
			files = (
				19CE75FD28D23A5F00AF8AFF /* ContentView.swift in Sources */,
				19CE760D28D23AAB00AF8AFF /* Badge.swift in Sources */,
				19CE760B28D23AAB00AF8AFF /* Helper.swift in Sources */,
				19CE761728D240D500AF8AFF /* LandmarkCommands.swift in Sources */,
				19CE761228D23D8200AF8AFF /* LandmarksMac.swift in Sources */,
				19CE760A28D23AAB00AF8AFF /* Landmarks.swift in Sources */,
				19CE760E28D23AAB00AF8AFF /* Hike.swift in Sources */,
				19CE761428D23F9C00AF8AFF /* Settings.swift in Sources */,
				19CE760728D23AAB00AF8AFF /* CyberApp.swift in Sources */,
				19CE760828D23AAB00AF8AFF /* Model.swift in Sources */,
			);
			runOnlyForDeploymentPostprocessing = 0;
		};
		19D2A9E928D4B4F6009C81C4 /* Sources */ = {
			isa = PBXSourcesBuildPhase;
			buildActionMask = 2147483647;
			files = (
				19D2A9F028D4B4F6009C81C4 /* CyberMeTests.swift in Sources */,
			);
			runOnlyForDeploymentPostprocessing = 0;
		};
		19FD182428D9CBB0004F97B3 /* Sources */ = {
			isa = PBXSourcesBuildPhase;
			buildActionMask = 2147483647;
			files = (
				1948B76228F6D0A4009BECD0 /* WidgetService.swift in Sources */,
				190995BA2900112A000B5770 /* CS+API.swift in Sources */,
				19FD182D28D9CBB0004F97B3 /* CyberMeWidget.swift in Sources */,
				190995BD29001135000B5770 /* CS+Setting.swift in Sources */,
				194ABAD9292D28950000F8D4 /* HealthManager.swift in Sources */,
				19FF8EC629001FCA009C96C3 /* View+Extension.swift in Sources */,
				193548E4290CF86200B2266C /* Default.swift in Sources */,
				193C8A1C291223EE00FF975F /* Number+Extension.swift in Sources */,
				1948B76628F858CD009BECD0 /* TimeUtil.swift in Sources */,
				194ABADA292D28DB0000F8D4 /* CS+Health.swift in Sources */,
				197C90DA291F659D00373BEF /* CS+Dashboard.swift in Sources */,
				1948B76128F6C7F7009BECD0 /* CyberService.swift in Sources */,
			);
			runOnlyForDeploymentPostprocessing = 0;
		};
/* End PBXSourcesBuildPhase section */

/* Begin PBXTargetDependency section */
		19D2A9F228D4B4F6009C81C4 /* PBXTargetDependency */ = {
			isa = PBXTargetDependency;
			target = 195A3D2A28BFA2C600239F01 /* helloSwift */;
			targetProxy = 19D2A9F128D4B4F6009C81C4 /* PBXContainerItemProxy */;
		};
		19FD183228D9CBB1004F97B3 /* PBXTargetDependency */ = {
			isa = PBXTargetDependency;
			target = 19FD182728D9CBB0004F97B3 /* CyberMeWidgetExtension */;
			targetProxy = 19FD183128D9CBB1004F97B3 /* PBXContainerItemProxy */;
		};
/* End PBXTargetDependency section */

/* Begin XCBuildConfiguration section */
		195A3D4D28BFA2C800239F01 /* Debug */ = {
			isa = XCBuildConfiguration;
			buildSettings = {
				ALWAYS_SEARCH_USER_PATHS = NO;
				CLANG_ANALYZER_NONNULL = YES;
				CLANG_ANALYZER_NUMBER_OBJECT_CONVERSION = YES_AGGRESSIVE;
				CLANG_CXX_LANGUAGE_STANDARD = "gnu++17";
				CLANG_CXX_LIBRARY = "libc++";
				CLANG_ENABLE_MODULES = YES;
				CLANG_ENABLE_OBJC_ARC = YES;
				CLANG_ENABLE_OBJC_WEAK = YES;
				CLANG_WARN_BLOCK_CAPTURE_AUTORELEASING = YES;
				CLANG_WARN_BOOL_CONVERSION = YES;
				CLANG_WARN_COMMA = YES;
				CLANG_WARN_CONSTANT_CONVERSION = YES;
				CLANG_WARN_DEPRECATED_OBJC_IMPLEMENTATIONS = YES;
				CLANG_WARN_DIRECT_OBJC_ISA_USAGE = YES_ERROR;
				CLANG_WARN_DOCUMENTATION_COMMENTS = YES;
				CLANG_WARN_EMPTY_BODY = YES;
				CLANG_WARN_ENUM_CONVERSION = YES;
				CLANG_WARN_INFINITE_RECURSION = YES;
				CLANG_WARN_INT_CONVERSION = YES;
				CLANG_WARN_NON_LITERAL_NULL_CONVERSION = YES;
				CLANG_WARN_OBJC_IMPLICIT_RETAIN_SELF = YES;
				CLANG_WARN_OBJC_LITERAL_CONVERSION = YES;
				CLANG_WARN_OBJC_ROOT_CLASS = YES_ERROR;
				CLANG_WARN_QUOTED_INCLUDE_IN_FRAMEWORK_HEADER = YES;
				CLANG_WARN_RANGE_LOOP_ANALYSIS = YES;
				CLANG_WARN_STRICT_PROTOTYPES = YES;
				CLANG_WARN_SUSPICIOUS_MOVE = YES;
				CLANG_WARN_UNGUARDED_AVAILABILITY = YES_AGGRESSIVE;
				CLANG_WARN_UNREACHABLE_CODE = YES;
				CLANG_WARN__DUPLICATE_METHOD_MATCH = YES;
				COPY_PHASE_STRIP = NO;
				DEBUG_INFORMATION_FORMAT = dwarf;
				ENABLE_STRICT_OBJC_MSGSEND = YES;
				ENABLE_TESTABILITY = YES;
				GCC_C_LANGUAGE_STANDARD = gnu11;
				GCC_DYNAMIC_NO_PIC = NO;
				GCC_NO_COMMON_BLOCKS = YES;
				GCC_OPTIMIZATION_LEVEL = 0;
				GCC_PREPROCESSOR_DEFINITIONS = (
					"DEBUG=1",
					"$(inherited)",
				);
				GCC_WARN_64_TO_32_BIT_CONVERSION = YES;
				GCC_WARN_ABOUT_RETURN_TYPE = YES_ERROR;
				GCC_WARN_UNDECLARED_SELECTOR = YES;
				GCC_WARN_UNINITIALIZED_AUTOS = YES_AGGRESSIVE;
				GCC_WARN_UNUSED_FUNCTION = YES;
				GCC_WARN_UNUSED_VARIABLE = YES;
				IPHONEOS_DEPLOYMENT_TARGET = 14.0;
				MTL_ENABLE_DEBUG_INFO = INCLUDE_SOURCE;
				MTL_FAST_MATH = YES;
				ONLY_ACTIVE_ARCH = YES;
				SDKROOT = iphoneos;
				SWIFT_ACTIVE_COMPILATION_CONDITIONS = DEBUG;
				SWIFT_OPTIMIZATION_LEVEL = "-Onone";
			};
			name = Debug;
		};
		195A3D4E28BFA2C800239F01 /* Release */ = {
			isa = XCBuildConfiguration;
			buildSettings = {
				ALWAYS_SEARCH_USER_PATHS = NO;
				CLANG_ANALYZER_NONNULL = YES;
				CLANG_ANALYZER_NUMBER_OBJECT_CONVERSION = YES_AGGRESSIVE;
				CLANG_CXX_LANGUAGE_STANDARD = "gnu++17";
				CLANG_CXX_LIBRARY = "libc++";
				CLANG_ENABLE_MODULES = YES;
				CLANG_ENABLE_OBJC_ARC = YES;
				CLANG_ENABLE_OBJC_WEAK = YES;
				CLANG_WARN_BLOCK_CAPTURE_AUTORELEASING = YES;
				CLANG_WARN_BOOL_CONVERSION = YES;
				CLANG_WARN_COMMA = YES;
				CLANG_WARN_CONSTANT_CONVERSION = YES;
				CLANG_WARN_DEPRECATED_OBJC_IMPLEMENTATIONS = YES;
				CLANG_WARN_DIRECT_OBJC_ISA_USAGE = YES_ERROR;
				CLANG_WARN_DOCUMENTATION_COMMENTS = YES;
				CLANG_WARN_EMPTY_BODY = YES;
				CLANG_WARN_ENUM_CONVERSION = YES;
				CLANG_WARN_INFINITE_RECURSION = YES;
				CLANG_WARN_INT_CONVERSION = YES;
				CLANG_WARN_NON_LITERAL_NULL_CONVERSION = YES;
				CLANG_WARN_OBJC_IMPLICIT_RETAIN_SELF = YES;
				CLANG_WARN_OBJC_LITERAL_CONVERSION = YES;
				CLANG_WARN_OBJC_ROOT_CLASS = YES_ERROR;
				CLANG_WARN_QUOTED_INCLUDE_IN_FRAMEWORK_HEADER = YES;
				CLANG_WARN_RANGE_LOOP_ANALYSIS = YES;
				CLANG_WARN_STRICT_PROTOTYPES = YES;
				CLANG_WARN_SUSPICIOUS_MOVE = YES;
				CLANG_WARN_UNGUARDED_AVAILABILITY = YES_AGGRESSIVE;
				CLANG_WARN_UNREACHABLE_CODE = YES;
				CLANG_WARN__DUPLICATE_METHOD_MATCH = YES;
				COPY_PHASE_STRIP = NO;
				DEBUG_INFORMATION_FORMAT = "dwarf-with-dsym";
				ENABLE_NS_ASSERTIONS = NO;
				ENABLE_STRICT_OBJC_MSGSEND = YES;
				GCC_C_LANGUAGE_STANDARD = gnu11;
				GCC_NO_COMMON_BLOCKS = YES;
				GCC_WARN_64_TO_32_BIT_CONVERSION = YES;
				GCC_WARN_ABOUT_RETURN_TYPE = YES_ERROR;
				GCC_WARN_UNDECLARED_SELECTOR = YES;
				GCC_WARN_UNINITIALIZED_AUTOS = YES_AGGRESSIVE;
				GCC_WARN_UNUSED_FUNCTION = YES;
				GCC_WARN_UNUSED_VARIABLE = YES;
				IPHONEOS_DEPLOYMENT_TARGET = 14.0;
				MTL_ENABLE_DEBUG_INFO = NO;
				MTL_FAST_MATH = YES;
				SDKROOT = iphoneos;
				SWIFT_COMPILATION_MODE = wholemodule;
				SWIFT_OPTIMIZATION_LEVEL = "-O";
				VALIDATE_PRODUCT = YES;
			};
			name = Release;
		};
		195A3D5028BFA2C800239F01 /* Debug */ = {
			isa = XCBuildConfiguration;
			buildSettings = {
				ALWAYS_EMBED_SWIFT_STANDARD_LIBRARIES = YES;
				ASSETCATALOG_COMPILER_APPICON_NAME = AppIcon;
				ASSETCATALOG_COMPILER_GLOBAL_ACCENT_COLOR_NAME = AccentColor;
				CODE_SIGN_ENTITLEMENTS = CyberMe/CyberMe.entitlements;
				CODE_SIGN_STYLE = Automatic;
				CURRENT_PROJECT_VERSION = 1;
				DEVELOPMENT_ASSET_PATHS = "\"CyberMe/Preview Content\"";
				DEVELOPMENT_TEAM = MUN22RF257;
				ENABLE_PREVIEWS = YES;
				GENERATE_INFOPLIST_FILE = YES;
				INFOPLIST_FILE = CyberMe/Info.plist;
				INFOPLIST_KEY_LSApplicationCategoryType = "public.app-category.lifestyle";
				INFOPLIST_KEY_NSHealthShareUsageDescription = "CyberMe 需要读取健康数据以提供更好的目标管理";
				INFOPLIST_KEY_NSHealthUpdateUsageDescription = "CyberMe 需要写入健康数据以持久化您的运动成果";
				INFOPLIST_KEY_UIApplicationSceneManifest_Generation = YES;
				INFOPLIST_KEY_UIApplicationSupportsIndirectInputEvents = YES;
				INFOPLIST_KEY_UILaunchScreen_Generation = YES;
				INFOPLIST_KEY_UISupportedInterfaceOrientations = UIInterfaceOrientationPortrait;
				INFOPLIST_KEY_UISupportedInterfaceOrientations_iPad = "UIInterfaceOrientationLandscapeLeft UIInterfaceOrientationLandscapeRight UIInterfaceOrientationPortrait UIInterfaceOrientationPortraitUpsideDown";
				IPHONEOS_DEPLOYMENT_TARGET = 14.0;
				LD_RUNPATH_SEARCH_PATHS = (
					"$(inherited)",
					"@executable_path/Frameworks",
				);
				MACOSX_DEPLOYMENT_TARGET = 11.0;
				MARKETING_VERSION = 1.0;
				PRODUCT_BUNDLE_IDENTIFIER = com.mazhangjing.landmark;
				PRODUCT_NAME = CyberMe;
				SWIFT_EMIT_LOC_STRINGS = YES;
				SWIFT_VERSION = 5.0;
				TARGETED_DEVICE_FAMILY = "1,2";
				TVOS_DEPLOYMENT_TARGET = 14.0;
			};
			name = Debug;
		};
		195A3D5128BFA2C800239F01 /* Release */ = {
			isa = XCBuildConfiguration;
			buildSettings = {
				ALWAYS_EMBED_SWIFT_STANDARD_LIBRARIES = YES;
				ASSETCATALOG_COMPILER_APPICON_NAME = AppIcon;
				ASSETCATALOG_COMPILER_GLOBAL_ACCENT_COLOR_NAME = AccentColor;
				CODE_SIGN_ENTITLEMENTS = CyberMe/CyberMe.entitlements;
				CODE_SIGN_STYLE = Automatic;
				CURRENT_PROJECT_VERSION = 1;
				DEVELOPMENT_ASSET_PATHS = "\"CyberMe/Preview Content\"";
				DEVELOPMENT_TEAM = MUN22RF257;
				ENABLE_PREVIEWS = YES;
				GENERATE_INFOPLIST_FILE = YES;
				INFOPLIST_FILE = CyberMe/Info.plist;
				INFOPLIST_KEY_LSApplicationCategoryType = "public.app-category.lifestyle";
				INFOPLIST_KEY_NSHealthShareUsageDescription = "CyberMe 需要读取健康数据以提供更好的目标管理";
				INFOPLIST_KEY_NSHealthUpdateUsageDescription = "CyberMe 需要写入健康数据以持久化您的运动成果";
				INFOPLIST_KEY_UIApplicationSceneManifest_Generation = YES;
				INFOPLIST_KEY_UIApplicationSupportsIndirectInputEvents = YES;
				INFOPLIST_KEY_UILaunchScreen_Generation = YES;
				INFOPLIST_KEY_UISupportedInterfaceOrientations = UIInterfaceOrientationPortrait;
				INFOPLIST_KEY_UISupportedInterfaceOrientations_iPad = "UIInterfaceOrientationLandscapeLeft UIInterfaceOrientationLandscapeRight UIInterfaceOrientationPortrait UIInterfaceOrientationPortraitUpsideDown";
				IPHONEOS_DEPLOYMENT_TARGET = 14.0;
				LD_RUNPATH_SEARCH_PATHS = (
					"$(inherited)",
					"@executable_path/Frameworks",
				);
				MACOSX_DEPLOYMENT_TARGET = 11.0;
				MARKETING_VERSION = 1.0;
				PRODUCT_BUNDLE_IDENTIFIER = com.mazhangjing.landmark;
				PRODUCT_NAME = CyberMe;
				SWIFT_EMIT_LOC_STRINGS = YES;
				SWIFT_VERSION = 5.0;
				TARGETED_DEVICE_FAMILY = "1,2";
				TVOS_DEPLOYMENT_TARGET = 14.0;
			};
			name = Release;
		};
		19CE760528D23A6300AF8AFF /* Debug */ = {
			isa = XCBuildConfiguration;
			buildSettings = {
				ASSETCATALOG_COMPILER_APPICON_NAME = AppIcon;
				ASSETCATALOG_COMPILER_GLOBAL_ACCENT_COLOR_NAME = AccentColor;
				CODE_SIGN_ENTITLEMENTS = MacLandmarks/MacLandmarks.entitlements;
				CODE_SIGN_STYLE = Automatic;
				COMBINE_HIDPI_IMAGES = YES;
				CURRENT_PROJECT_VERSION = 1;
				DEVELOPMENT_ASSET_PATHS = "\"MacLandmarks/Preview Content\"";
				DEVELOPMENT_TEAM = MUN22RF257;
				ENABLE_HARDENED_RUNTIME = YES;
				ENABLE_PREVIEWS = YES;
				GENERATE_INFOPLIST_FILE = YES;
				INFOPLIST_KEY_NSHumanReadableCopyright = "";
				LD_RUNPATH_SEARCH_PATHS = (
					"$(inherited)",
					"@executable_path/../Frameworks",
				);
				MACOSX_DEPLOYMENT_TARGET = 11.6;
				MARKETING_VERSION = 1.0;
				PRODUCT_BUNDLE_IDENTIFIER = com.mazhangjing.landmark.MacLandmarks;
				PRODUCT_NAME = "$(TARGET_NAME)";
				SDKROOT = macosx;
				SWIFT_EMIT_LOC_STRINGS = YES;
				SWIFT_VERSION = 5.0;
			};
			name = Debug;
		};
		19CE760628D23A6300AF8AFF /* Release */ = {
			isa = XCBuildConfiguration;
			buildSettings = {
				ASSETCATALOG_COMPILER_APPICON_NAME = AppIcon;
				ASSETCATALOG_COMPILER_GLOBAL_ACCENT_COLOR_NAME = AccentColor;
				CODE_SIGN_ENTITLEMENTS = MacLandmarks/MacLandmarks.entitlements;
				CODE_SIGN_STYLE = Automatic;
				COMBINE_HIDPI_IMAGES = YES;
				CURRENT_PROJECT_VERSION = 1;
				DEVELOPMENT_ASSET_PATHS = "\"MacLandmarks/Preview Content\"";
				DEVELOPMENT_TEAM = MUN22RF257;
				ENABLE_HARDENED_RUNTIME = YES;
				ENABLE_PREVIEWS = YES;
				GENERATE_INFOPLIST_FILE = YES;
				INFOPLIST_KEY_NSHumanReadableCopyright = "";
				LD_RUNPATH_SEARCH_PATHS = (
					"$(inherited)",
					"@executable_path/../Frameworks",
				);
				MACOSX_DEPLOYMENT_TARGET = 11.6;
				MARKETING_VERSION = 1.0;
				PRODUCT_BUNDLE_IDENTIFIER = com.mazhangjing.landmark.MacLandmarks;
				PRODUCT_NAME = "$(TARGET_NAME)";
				SDKROOT = macosx;
				SWIFT_EMIT_LOC_STRINGS = YES;
				SWIFT_VERSION = 5.0;
			};
			name = Release;
		};
		19D2A9F428D4B4F6009C81C4 /* Debug */ = {
			isa = XCBuildConfiguration;
			buildSettings = {
				BUNDLE_LOADER = "$(TEST_HOST)";
				CODE_SIGN_STYLE = Automatic;
				CURRENT_PROJECT_VERSION = 1;
				DEVELOPMENT_TEAM = MUN22RF257;
				GENERATE_INFOPLIST_FILE = YES;
				IPHONEOS_DEPLOYMENT_TARGET = 14.0;
				MARKETING_VERSION = 1.0;
				PRODUCT_BUNDLE_IDENTIFIER = com.mazhangjing.landmark.CyberMeTests;
				PRODUCT_NAME = "$(TARGET_NAME)";
				SWIFT_EMIT_LOC_STRINGS = NO;
				SWIFT_VERSION = 5.0;
				TARGETED_DEVICE_FAMILY = "1,2";
				TEST_HOST = "$(BUILT_PRODUCTS_DIR)/CyberMe.app/CyberMe";
			};
			name = Debug;
		};
		19D2A9F528D4B4F6009C81C4 /* Release */ = {
			isa = XCBuildConfiguration;
			buildSettings = {
				BUNDLE_LOADER = "$(TEST_HOST)";
				CODE_SIGN_STYLE = Automatic;
				CURRENT_PROJECT_VERSION = 1;
				DEVELOPMENT_TEAM = MUN22RF257;
				GENERATE_INFOPLIST_FILE = YES;
				IPHONEOS_DEPLOYMENT_TARGET = 14.0;
				MARKETING_VERSION = 1.0;
				PRODUCT_BUNDLE_IDENTIFIER = com.mazhangjing.landmark.CyberMeTests;
				PRODUCT_NAME = "$(TARGET_NAME)";
				SWIFT_EMIT_LOC_STRINGS = NO;
				SWIFT_VERSION = 5.0;
				TARGETED_DEVICE_FAMILY = "1,2";
				TEST_HOST = "$(BUILT_PRODUCTS_DIR)/CyberMe.app/CyberMe";
			};
			name = Release;
		};
		19FD183528D9CBB1004F97B3 /* Debug */ = {
			isa = XCBuildConfiguration;
			buildSettings = {
				ASSETCATALOG_COMPILER_GLOBAL_ACCENT_COLOR_NAME = AccentColor;
				ASSETCATALOG_COMPILER_WIDGET_BACKGROUND_COLOR_NAME = WidgetBackground;
				CODE_SIGN_ENTITLEMENTS = CyberMeWidget/CyberMeWidgetExtension.entitlements;
				CODE_SIGN_IDENTITY = "Apple Development";
				CODE_SIGN_STYLE = Automatic;
				CURRENT_PROJECT_VERSION = 1;
				DEVELOPMENT_TEAM = MUN22RF257;
				GENERATE_INFOPLIST_FILE = YES;
				INFOPLIST_FILE = CyberMeWidget/Info.plist;
				INFOPLIST_KEY_CFBundleDisplayName = CyberMeWidget;
				INFOPLIST_KEY_NSHumanReadableCopyright = "";
				IPHONEOS_DEPLOYMENT_TARGET = 14.0;
				LD_RUNPATH_SEARCH_PATHS = (
					"$(inherited)",
					"@executable_path/Frameworks",
					"@executable_path/../../Frameworks",
				);
				MARKETING_VERSION = 1.0;
				PRODUCT_BUNDLE_IDENTIFIER = com.mazhangjing.landmark.watchkitapp;
				PRODUCT_NAME = "$(TARGET_NAME)";
				PROVISIONING_PROFILE_SPECIFIER = "";
				SKIP_INSTALL = YES;
				SWIFT_EMIT_LOC_STRINGS = YES;
				SWIFT_VERSION = 5.0;
				TARGETED_DEVICE_FAMILY = "1,2";
			};
			name = Debug;
		};
		19FD183628D9CBB1004F97B3 /* Release */ = {
			isa = XCBuildConfiguration;
			buildSettings = {
				ASSETCATALOG_COMPILER_GLOBAL_ACCENT_COLOR_NAME = AccentColor;
				ASSETCATALOG_COMPILER_WIDGET_BACKGROUND_COLOR_NAME = WidgetBackground;
				CODE_SIGN_ENTITLEMENTS = CyberMeWidget/CyberMeWidgetExtension.entitlements;
				CODE_SIGN_IDENTITY = "Apple Development";
				CODE_SIGN_STYLE = Automatic;
				CURRENT_PROJECT_VERSION = 1;
				DEVELOPMENT_TEAM = MUN22RF257;
				GENERATE_INFOPLIST_FILE = YES;
				INFOPLIST_FILE = CyberMeWidget/Info.plist;
				INFOPLIST_KEY_CFBundleDisplayName = CyberMeWidget;
				INFOPLIST_KEY_NSHumanReadableCopyright = "";
				IPHONEOS_DEPLOYMENT_TARGET = 14.0;
				LD_RUNPATH_SEARCH_PATHS = (
					"$(inherited)",
					"@executable_path/Frameworks",
					"@executable_path/../../Frameworks",
				);
				MARKETING_VERSION = 1.0;
				PRODUCT_BUNDLE_IDENTIFIER = com.mazhangjing.landmark.watchkitapp;
				PRODUCT_NAME = "$(TARGET_NAME)";
				PROVISIONING_PROFILE_SPECIFIER = "";
				SKIP_INSTALL = YES;
				SWIFT_EMIT_LOC_STRINGS = YES;
				SWIFT_VERSION = 5.0;
				TARGETED_DEVICE_FAMILY = "1,2";
			};
			name = Release;
		};
/* End XCBuildConfiguration section */

/* Begin XCConfigurationList section */
		195A3D2628BFA2C600239F01 /* Build configuration list for PBXProject "helloSwift" */ = {
			isa = XCConfigurationList;
			buildConfigurations = (
				195A3D4D28BFA2C800239F01 /* Debug */,
				195A3D4E28BFA2C800239F01 /* Release */,
			);
			defaultConfigurationIsVisible = 0;
			defaultConfigurationName = Release;
		};
		195A3D4F28BFA2C800239F01 /* Build configuration list for PBXNativeTarget "helloSwift" */ = {
			isa = XCConfigurationList;
			buildConfigurations = (
				195A3D5028BFA2C800239F01 /* Debug */,
				195A3D5128BFA2C800239F01 /* Release */,
			);
			defaultConfigurationIsVisible = 0;
			defaultConfigurationName = Release;
		};
		19CE760428D23A6300AF8AFF /* Build configuration list for PBXNativeTarget "MacLandmarks" */ = {
			isa = XCConfigurationList;
			buildConfigurations = (
				19CE760528D23A6300AF8AFF /* Debug */,
				19CE760628D23A6300AF8AFF /* Release */,
			);
			defaultConfigurationIsVisible = 0;
			defaultConfigurationName = Release;
		};
		19D2A9F328D4B4F6009C81C4 /* Build configuration list for PBXNativeTarget "CyberMeTests" */ = {
			isa = XCConfigurationList;
			buildConfigurations = (
				19D2A9F428D4B4F6009C81C4 /* Debug */,
				19D2A9F528D4B4F6009C81C4 /* Release */,
			);
			defaultConfigurationIsVisible = 0;
			defaultConfigurationName = Release;
		};
		19FD183428D9CBB1004F97B3 /* Build configuration list for PBXNativeTarget "CyberMeWidgetExtension" */ = {
			isa = XCConfigurationList;
			buildConfigurations = (
				19FD183528D9CBB1004F97B3 /* Debug */,
				19FD183628D9CBB1004F97B3 /* Release */,
			);
			defaultConfigurationIsVisible = 0;
			defaultConfigurationName = Release;
		};
/* End XCConfigurationList section */

/* Begin XCVersionGroup section */
		193548D6290CD99F00B2266C /* FoodAccount.xcdatamodeld */ = {
			isa = XCVersionGroup;
			children = (
				193548D7290CD99F00B2266C /* FoodAccount.xcdatamodel */,
			);
			currentVersion = 193548D7290CD99F00B2266C /* FoodAccount.xcdatamodel */;
			path = FoodAccount.xcdatamodeld;
			sourceTree = "<group>";
			versionGroupType = wrapper.xcdatamodel;
		};
/* End XCVersionGroup section */
	};
	rootObject = 195A3D2328BFA2C600239F01 /* Project object */;
}
