// !$*UTF8*$!
{
	archiveVersion = 1;
	classes = {
	};
	objectVersion = 55;
	objects = {

/* Begin PBXBuildFile section */
		195A3D2F28BFA2C600239F01 /* helloSwiftApp.swift in Sources */ = {isa = PBXBuildFile; fileRef = 195A3D2E28BFA2C600239F01 /* helloSwiftApp.swift */; };
		195A3D3128BFA2C600239F01 /* ContentView.swift in Sources */ = {isa = PBXBuildFile; fileRef = 195A3D3028BFA2C600239F01 /* ContentView.swift */; };
		195A3D3328BFA2C700239F01 /* Assets.xcassets in Resources */ = {isa = PBXBuildFile; fileRef = 195A3D3228BFA2C700239F01 /* Assets.xcassets */; };
		195A3D3628BFA2C700239F01 /* Preview Assets.xcassets in Resources */ = {isa = PBXBuildFile; fileRef = 195A3D3528BFA2C700239F01 /* Preview Assets.xcassets */; };
		195A3D4028BFA2C800239F01 /* helloSwiftTests.swift in Sources */ = {isa = PBXBuildFile; fileRef = 195A3D3F28BFA2C800239F01 /* helloSwiftTests.swift */; };
		195A3D4A28BFA2C800239F01 /* helloSwiftUITests.swift in Sources */ = {isa = PBXBuildFile; fileRef = 195A3D4928BFA2C800239F01 /* helloSwiftUITests.swift */; };
		195A3D4C28BFA2C800239F01 /* helloSwiftUITestsLaunchTests.swift in Sources */ = {isa = PBXBuildFile; fileRef = 195A3D4B28BFA2C800239F01 /* helloSwiftUITestsLaunchTests.swift */; };
/* End PBXBuildFile section */

/* Begin PBXContainerItemProxy section */
		195A3D3C28BFA2C800239F01 /* PBXContainerItemProxy */ = {
			isa = PBXContainerItemProxy;
			containerPortal = 195A3D2328BFA2C600239F01 /* Project object */;
			proxyType = 1;
			remoteGlobalIDString = 195A3D2A28BFA2C600239F01;
			remoteInfo = helloSwift;
		};
		195A3D4628BFA2C800239F01 /* PBXContainerItemProxy */ = {
			isa = PBXContainerItemProxy;
			containerPortal = 195A3D2328BFA2C600239F01 /* Project object */;
			proxyType = 1;
			remoteGlobalIDString = 195A3D2A28BFA2C600239F01;
			remoteInfo = helloSwift;
		};
/* End PBXContainerItemProxy section */

/* Begin PBXFileReference section */
		195A3D2B28BFA2C600239F01 /* helloSwift.app */ = {isa = PBXFileReference; explicitFileType = wrapper.application; includeInIndex = 0; path = helloSwift.app; sourceTree = BUILT_PRODUCTS_DIR; };
		195A3D2E28BFA2C600239F01 /* helloSwiftApp.swift */ = {isa = PBXFileReference; lastKnownFileType = sourcecode.swift; path = helloSwiftApp.swift; sourceTree = "<group>"; };
		195A3D3028BFA2C600239F01 /* ContentView.swift */ = {isa = PBXFileReference; lastKnownFileType = sourcecode.swift; path = ContentView.swift; sourceTree = "<group>"; };
		195A3D3228BFA2C700239F01 /* Assets.xcassets */ = {isa = PBXFileReference; lastKnownFileType = folder.assetcatalog; path = Assets.xcassets; sourceTree = "<group>"; };
		195A3D3528BFA2C700239F01 /* Preview Assets.xcassets */ = {isa = PBXFileReference; lastKnownFileType = folder.assetcatalog; path = "Preview Assets.xcassets"; sourceTree = "<group>"; };
		195A3D3B28BFA2C800239F01 /* helloSwiftTests.xctest */ = {isa = PBXFileReference; explicitFileType = wrapper.cfbundle; includeInIndex = 0; path = helloSwiftTests.xctest; sourceTree = BUILT_PRODUCTS_DIR; };
		195A3D3F28BFA2C800239F01 /* helloSwiftTests.swift */ = {isa = PBXFileReference; lastKnownFileType = sourcecode.swift; path = helloSwiftTests.swift; sourceTree = "<group>"; };
		195A3D4528BFA2C800239F01 /* helloSwiftUITests.xctest */ = {isa = PBXFileReference; explicitFileType = wrapper.cfbundle; includeInIndex = 0; path = helloSwiftUITests.xctest; sourceTree = BUILT_PRODUCTS_DIR; };
		195A3D4928BFA2C800239F01 /* helloSwiftUITests.swift */ = {isa = PBXFileReference; lastKnownFileType = sourcecode.swift; path = helloSwiftUITests.swift; sourceTree = "<group>"; };
		195A3D4B28BFA2C800239F01 /* helloSwiftUITestsLaunchTests.swift */ = {isa = PBXFileReference; lastKnownFileType = sourcecode.swift; path = helloSwiftUITestsLaunchTests.swift; sourceTree = "<group>"; };
/* End PBXFileReference section */

/* Begin PBXFrameworksBuildPhase section */
		195A3D2828BFA2C600239F01 /* Frameworks */ = {
			isa = PBXFrameworksBuildPhase;
			buildActionMask = 2147483647;
			files = (
			);
			runOnlyForDeploymentPostprocessing = 0;
		};
		195A3D3828BFA2C800239F01 /* Frameworks */ = {
			isa = PBXFrameworksBuildPhase;
			buildActionMask = 2147483647;
			files = (
			);
			runOnlyForDeploymentPostprocessing = 0;
		};
		195A3D4228BFA2C800239F01 /* Frameworks */ = {
			isa = PBXFrameworksBuildPhase;
			buildActionMask = 2147483647;
			files = (
			);
			runOnlyForDeploymentPostprocessing = 0;
		};
/* End PBXFrameworksBuildPhase section */

/* Begin PBXGroup section */
		195A3D2228BFA2C600239F01 = {
			isa = PBXGroup;
			children = (
				195A3D2D28BFA2C600239F01 /* helloSwift */,
				195A3D3E28BFA2C800239F01 /* helloSwiftTests */,
				195A3D4828BFA2C800239F01 /* helloSwiftUITests */,
				195A3D2C28BFA2C600239F01 /* Products */,
			);
			sourceTree = "<group>";
		};
		195A3D2C28BFA2C600239F01 /* Products */ = {
			isa = PBXGroup;
			children = (
				195A3D2B28BFA2C600239F01 /* helloSwift.app */,
				195A3D3B28BFA2C800239F01 /* helloSwiftTests.xctest */,
				195A3D4528BFA2C800239F01 /* helloSwiftUITests.xctest */,
			);
			name = Products;
			sourceTree = "<group>";
		};
		195A3D2D28BFA2C600239F01 /* helloSwift */ = {
			isa = PBXGroup;
			children = (
				195A3D2E28BFA2C600239F01 /* helloSwiftApp.swift */,
				195A3D3028BFA2C600239F01 /* ContentView.swift */,
				195A3D3228BFA2C700239F01 /* Assets.xcassets */,
				195A3D3428BFA2C700239F01 /* Preview Content */,
			);
			path = helloSwift;
			sourceTree = "<group>";
		};
		195A3D3428BFA2C700239F01 /* Preview Content */ = {
			isa = PBXGroup;
			children = (
				195A3D3528BFA2C700239F01 /* Preview Assets.xcassets */,
			);
			path = "Preview Content";
			sourceTree = "<group>";
		};
		195A3D3E28BFA2C800239F01 /* helloSwiftTests */ = {
			isa = PBXGroup;
			children = (
				195A3D3F28BFA2C800239F01 /* helloSwiftTests.swift */,
			);
			path = helloSwiftTests;
			sourceTree = "<group>";
		};
		195A3D4828BFA2C800239F01 /* helloSwiftUITests */ = {
			isa = PBXGroup;
			children = (
				195A3D4928BFA2C800239F01 /* helloSwiftUITests.swift */,
				195A3D4B28BFA2C800239F01 /* helloSwiftUITestsLaunchTests.swift */,
			);
			path = helloSwiftUITests;
			sourceTree = "<group>";
		};
/* End PBXGroup section */

/* Begin PBXNativeTarget section */
		195A3D2A28BFA2C600239F01 /* helloSwift */ = {
			isa = PBXNativeTarget;
			buildConfigurationList = 195A3D4F28BFA2C800239F01 /* Build configuration list for PBXNativeTarget "helloSwift" */;
			buildPhases = (
				195A3D2728BFA2C600239F01 /* Sources */,
				195A3D2828BFA2C600239F01 /* Frameworks */,
				195A3D2928BFA2C600239F01 /* Resources */,
			);
			buildRules = (
			);
			dependencies = (
			);
			name = helloSwift;
			productName = helloSwift;
			productReference = 195A3D2B28BFA2C600239F01 /* helloSwift.app */;
			productType = "com.apple.product-type.application";
		};
		195A3D3A28BFA2C800239F01 /* helloSwiftTests */ = {
			isa = PBXNativeTarget;
			buildConfigurationList = 195A3D5228BFA2C800239F01 /* Build configuration list for PBXNativeTarget "helloSwiftTests" */;
			buildPhases = (
				195A3D3728BFA2C800239F01 /* Sources */,
				195A3D3828BFA2C800239F01 /* Frameworks */,
				195A3D3928BFA2C800239F01 /* Resources */,
			);
			buildRules = (
			);
			dependencies = (
				195A3D3D28BFA2C800239F01 /* PBXTargetDependency */,
			);
			name = helloSwiftTests;
			productName = helloSwiftTests;
			productReference = 195A3D3B28BFA2C800239F01 /* helloSwiftTests.xctest */;
			productType = "com.apple.product-type.bundle.unit-test";
		};
		195A3D4428BFA2C800239F01 /* helloSwiftUITests */ = {
			isa = PBXNativeTarget;
			buildConfigurationList = 195A3D5528BFA2C800239F01 /* Build configuration list for PBXNativeTarget "helloSwiftUITests" */;
			buildPhases = (
				195A3D4128BFA2C800239F01 /* Sources */,
				195A3D4228BFA2C800239F01 /* Frameworks */,
				195A3D4328BFA2C800239F01 /* Resources */,
			);
			buildRules = (
			);
			dependencies = (
				195A3D4728BFA2C800239F01 /* PBXTargetDependency */,
			);
			name = helloSwiftUITests;
			productName = helloSwiftUITests;
			productReference = 195A3D4528BFA2C800239F01 /* helloSwiftUITests.xctest */;
			productType = "com.apple.product-type.bundle.ui-testing";
		};
/* End PBXNativeTarget section */

/* Begin PBXProject section */
		195A3D2328BFA2C600239F01 /* Project object */ = {
			isa = PBXProject;
			attributes = {
				BuildIndependentTargetsInParallel = 1;
				LastSwiftUpdateCheck = 1320;
				LastUpgradeCheck = 1320;
				TargetAttributes = {
					195A3D2A28BFA2C600239F01 = {
						CreatedOnToolsVersion = 13.2.1;
					};
					195A3D3A28BFA2C800239F01 = {
						CreatedOnToolsVersion = 13.2.1;
						TestTargetID = 195A3D2A28BFA2C600239F01;
					};
					195A3D4428BFA2C800239F01 = {
						CreatedOnToolsVersion = 13.2.1;
						TestTargetID = 195A3D2A28BFA2C600239F01;
					};
				};
			};
			buildConfigurationList = 195A3D2628BFA2C600239F01 /* Build configuration list for PBXProject "helloSwift" */;
			compatibilityVersion = "Xcode 13.0";
			developmentRegion = en;
			hasScannedForEncodings = 0;
			knownRegions = (
				en,
				Base,
			);
			mainGroup = 195A3D2228BFA2C600239F01;
			productRefGroup = 195A3D2C28BFA2C600239F01 /* Products */;
			projectDirPath = "";
			projectRoot = "";
			targets = (
				195A3D2A28BFA2C600239F01 /* helloSwift */,
				195A3D3A28BFA2C800239F01 /* helloSwiftTests */,
				195A3D4428BFA2C800239F01 /* helloSwiftUITests */,
			);
		};
/* End PBXProject section */

/* Begin PBXResourcesBuildPhase section */
		195A3D2928BFA2C600239F01 /* Resources */ = {
			isa = PBXResourcesBuildPhase;
			buildActionMask = 2147483647;
			files = (
				195A3D3628BFA2C700239F01 /* Preview Assets.xcassets in Resources */,
				195A3D3328BFA2C700239F01 /* Assets.xcassets in Resources */,
			);
			runOnlyForDeploymentPostprocessing = 0;
		};
		195A3D3928BFA2C800239F01 /* Resources */ = {
			isa = PBXResourcesBuildPhase;
			buildActionMask = 2147483647;
			files = (
			);
			runOnlyForDeploymentPostprocessing = 0;
		};
		195A3D4328BFA2C800239F01 /* Resources */ = {
			isa = PBXResourcesBuildPhase;
			buildActionMask = 2147483647;
			files = (
			);
			runOnlyForDeploymentPostprocessing = 0;
		};
/* End PBXResourcesBuildPhase section */

/* Begin PBXSourcesBuildPhase section */
		195A3D2728BFA2C600239F01 /* Sources */ = {
			isa = PBXSourcesBuildPhase;
			buildActionMask = 2147483647;
			files = (
				195A3D3128BFA2C600239F01 /* ContentView.swift in Sources */,
				195A3D2F28BFA2C600239F01 /* helloSwiftApp.swift in Sources */,
			);
			runOnlyForDeploymentPostprocessing = 0;
		};
		195A3D3728BFA2C800239F01 /* Sources */ = {
			isa = PBXSourcesBuildPhase;
			buildActionMask = 2147483647;
			files = (
				195A3D4028BFA2C800239F01 /* helloSwiftTests.swift in Sources */,
			);
			runOnlyForDeploymentPostprocessing = 0;
		};
		195A3D4128BFA2C800239F01 /* Sources */ = {
			isa = PBXSourcesBuildPhase;
			buildActionMask = 2147483647;
			files = (
				195A3D4A28BFA2C800239F01 /* helloSwiftUITests.swift in Sources */,
				195A3D4C28BFA2C800239F01 /* helloSwiftUITestsLaunchTests.swift in Sources */,
			);
			runOnlyForDeploymentPostprocessing = 0;
		};
/* End PBXSourcesBuildPhase section */

/* Begin PBXTargetDependency section */
		195A3D3D28BFA2C800239F01 /* PBXTargetDependency */ = {
			isa = PBXTargetDependency;
			target = 195A3D2A28BFA2C600239F01 /* helloSwift */;
			targetProxy = 195A3D3C28BFA2C800239F01 /* PBXContainerItemProxy */;
		};
		195A3D4728BFA2C800239F01 /* PBXTargetDependency */ = {
			isa = PBXTargetDependency;
			target = 195A3D2A28BFA2C600239F01 /* helloSwift */;
			targetProxy = 195A3D4628BFA2C800239F01 /* PBXContainerItemProxy */;
		};
/* End PBXTargetDependency section */

/* Begin XCBuildConfiguration section */
		195A3D4D28BFA2C800239F01 /* Debug */ = {
			isa = XCBuildConfiguration;
			buildSettings = {
				ALWAYS_SEARCH_USER_PATHS = NO;
				CLANG_ANALYZER_NONNULL = YES;
				CLANG_ANALYZER_NUMBER_OBJECT_CONVERSION = YES_AGGRESSIVE;
				CLANG_CXX_LANGUAGE_STANDARD = "gnu++17";
				CLANG_CXX_LIBRARY = "libc++";
				CLANG_ENABLE_MODULES = YES;
				CLANG_ENABLE_OBJC_ARC = YES;
				CLANG_ENABLE_OBJC_WEAK = YES;
				CLANG_WARN_BLOCK_CAPTURE_AUTORELEASING = YES;
				CLANG_WARN_BOOL_CONVERSION = YES;
				CLANG_WARN_COMMA = YES;
				CLANG_WARN_CONSTANT_CONVERSION = YES;
				CLANG_WARN_DEPRECATED_OBJC_IMPLEMENTATIONS = YES;
				CLANG_WARN_DIRECT_OBJC_ISA_USAGE = YES_ERROR;
				CLANG_WARN_DOCUMENTATION_COMMENTS = YES;
				CLANG_WARN_EMPTY_BODY = YES;
				CLANG_WARN_ENUM_CONVERSION = YES;
				CLANG_WARN_INFINITE_RECURSION = YES;
				CLANG_WARN_INT_CONVERSION = YES;
				CLANG_WARN_NON_LITERAL_NULL_CONVERSION = YES;
				CLANG_WARN_OBJC_IMPLICIT_RETAIN_SELF = YES;
				CLANG_WARN_OBJC_LITERAL_CONVERSION = YES;
				CLANG_WARN_OBJC_ROOT_CLASS = YES_ERROR;
				CLANG_WARN_QUOTED_INCLUDE_IN_FRAMEWORK_HEADER = YES;
				CLANG_WARN_RANGE_LOOP_ANALYSIS = YES;
				CLANG_WARN_STRICT_PROTOTYPES = YES;
				CLANG_WARN_SUSPICIOUS_MOVE = YES;
				CLANG_WARN_UNGUARDED_AVAILABILITY = YES_AGGRESSIVE;
				CLANG_WARN_UNREACHABLE_CODE = YES;
				CLANG_WARN__DUPLICATE_METHOD_MATCH = YES;
				COPY_PHASE_STRIP = NO;
				DEBUG_INFORMATION_FORMAT = dwarf;
				ENABLE_STRICT_OBJC_MSGSEND = YES;
				ENABLE_TESTABILITY = YES;
				GCC_C_LANGUAGE_STANDARD = gnu11;
				GCC_DYNAMIC_NO_PIC = NO;
				GCC_NO_COMMON_BLOCKS = YES;
				GCC_OPTIMIZATION_LEVEL = 0;
				GCC_PREPROCESSOR_DEFINITIONS = (
					"DEBUG=1",
					"$(inherited)",
				);
				GCC_WARN_64_TO_32_BIT_CONVERSION = YES;
				GCC_WARN_ABOUT_RETURN_TYPE = YES_ERROR;
				GCC_WARN_UNDECLARED_SELECTOR = YES;
				GCC_WARN_UNINITIALIZED_AUTOS = YES_AGGRESSIVE;
				GCC_WARN_UNUSED_FUNCTION = YES;
				GCC_WARN_UNUSED_VARIABLE = YES;
				IPHONEOS_DEPLOYMENT_TARGET = 15.2;
				MTL_ENABLE_DEBUG_INFO = INCLUDE_SOURCE;
				MTL_FAST_MATH = YES;
				ONLY_ACTIVE_ARCH = YES;
				SDKROOT = iphoneos;
				SWIFT_ACTIVE_COMPILATION_CONDITIONS = DEBUG;
				SWIFT_OPTIMIZATION_LEVEL = "-Onone";
			};
			name = Debug;
		};
		195A3D4E28BFA2C800239F01 /* Release */ = {
			isa = XCBuildConfiguration;
			buildSettings = {
				ALWAYS_SEARCH_USER_PATHS = NO;
				CLANG_ANALYZER_NONNULL = YES;
				CLANG_ANALYZER_NUMBER_OBJECT_CONVERSION = YES_AGGRESSIVE;
				CLANG_CXX_LANGUAGE_STANDARD = "gnu++17";
				CLANG_CXX_LIBRARY = "libc++";
				CLANG_ENABLE_MODULES = YES;
				CLANG_ENABLE_OBJC_ARC = YES;
				CLANG_ENABLE_OBJC_WEAK = YES;
				CLANG_WARN_BLOCK_CAPTURE_AUTORELEASING = YES;
				CLANG_WARN_BOOL_CONVERSION = YES;
				CLANG_WARN_COMMA = YES;
				CLANG_WARN_CONSTANT_CONVERSION = YES;
				CLANG_WARN_DEPRECATED_OBJC_IMPLEMENTATIONS = YES;
				CLANG_WARN_DIRECT_OBJC_ISA_USAGE = YES_ERROR;
				CLANG_WARN_DOCUMENTATION_COMMENTS = YES;
				CLANG_WARN_EMPTY_BODY = YES;
				CLANG_WARN_ENUM_CONVERSION = YES;
				CLANG_WARN_INFINITE_RECURSION = YES;
				CLANG_WARN_INT_CONVERSION = YES;
				CLANG_WARN_NON_LITERAL_NULL_CONVERSION = YES;
				CLANG_WARN_OBJC_IMPLICIT_RETAIN_SELF = YES;
				CLANG_WARN_OBJC_LITERAL_CONVERSION = YES;
				CLANG_WARN_OBJC_ROOT_CLASS = YES_ERROR;
				CLANG_WARN_QUOTED_INCLUDE_IN_FRAMEWORK_HEADER = YES;
				CLANG_WARN_RANGE_LOOP_ANALYSIS = YES;
				CLANG_WARN_STRICT_PROTOTYPES = YES;
				CLANG_WARN_SUSPICIOUS_MOVE = YES;
				CLANG_WARN_UNGUARDED_AVAILABILITY = YES_AGGRESSIVE;
				CLANG_WARN_UNREACHABLE_CODE = YES;
				CLANG_WARN__DUPLICATE_METHOD_MATCH = YES;
				COPY_PHASE_STRIP = NO;
				DEBUG_INFORMATION_FORMAT = "dwarf-with-dsym";
				ENABLE_NS_ASSERTIONS = NO;
				ENABLE_STRICT_OBJC_MSGSEND = YES;
				GCC_C_LANGUAGE_STANDARD = gnu11;
				GCC_NO_COMMON_BLOCKS = YES;
				GCC_WARN_64_TO_32_BIT_CONVERSION = YES;
				GCC_WARN_ABOUT_RETURN_TYPE = YES_ERROR;
				GCC_WARN_UNDECLARED_SELECTOR = YES;
				GCC_WARN_UNINITIALIZED_AUTOS = YES_AGGRESSIVE;
				GCC_WARN_UNUSED_FUNCTION = YES;
				GCC_WARN_UNUSED_VARIABLE = YES;
				IPHONEOS_DEPLOYMENT_TARGET = 15.2;
				MTL_ENABLE_DEBUG_INFO = NO;
				MTL_FAST_MATH = YES;
				SDKROOT = iphoneos;
				SWIFT_COMPILATION_MODE = wholemodule;
				SWIFT_OPTIMIZATION_LEVEL = "-O";
				VALIDATE_PRODUCT = YES;
			};
			name = Release;
		};
		195A3D5028BFA2C800239F01 /* Debug */ = {
			isa = XCBuildConfiguration;
			buildSettings = {
				ASSETCATALOG_COMPILER_APPICON_NAME = AppIcon;
				ASSETCATALOG_COMPILER_GLOBAL_ACCENT_COLOR_NAME = AccentColor;
				CODE_SIGN_STYLE = Automatic;
				CURRENT_PROJECT_VERSION = 1;
				DEVELOPMENT_ASSET_PATHS = "\"helloSwift/Preview Content\"";
				DEVELOPMENT_TEAM = MUN22RF257;
				ENABLE_PREVIEWS = YES;
				GENERATE_INFOPLIST_FILE = YES;
				INFOPLIST_KEY_UIApplicationSceneManifest_Generation = YES;
				INFOPLIST_KEY_UIApplicationSupportsIndirectInputEvents = YES;
				INFOPLIST_KEY_UILaunchScreen_Generation = YES;
				INFOPLIST_KEY_UISupportedInterfaceOrientations_iPad = "UIInterfaceOrientationPortrait UIInterfaceOrientationPortraitUpsideDown UIInterfaceOrientationLandscapeLeft UIInterfaceOrientationLandscapeRight";
				INFOPLIST_KEY_UISupportedInterfaceOrientations_iPhone = "UIInterfaceOrientationPortrait UIInterfaceOrientationLandscapeLeft UIInterfaceOrientationLandscapeRight";
				LD_RUNPATH_SEARCH_PATHS = (
					"$(inherited)",
					"@executable_path/Frameworks",
				);
				MARKETING_VERSION = 1.0;
				PRODUCT_BUNDLE_IDENTIFIER = com.mazhangjing.helloSwift;
				PRODUCT_NAME = "$(TARGET_NAME)";
				SWIFT_EMIT_LOC_STRINGS = YES;
				SWIFT_VERSION = 5.0;
				TARGETED_DEVICE_FAMILY = "1,2";
			};
			name = Debug;
		};
		195A3D5128BFA2C800239F01 /* Release */ = {
			isa = XCBuildConfiguration;
			buildSettings = {
				ASSETCATALOG_COMPILER_APPICON_NAME = AppIcon;
				ASSETCATALOG_COMPILER_GLOBAL_ACCENT_COLOR_NAME = AccentColor;
				CODE_SIGN_STYLE = Automatic;
				CURRENT_PROJECT_VERSION = 1;
				DEVELOPMENT_ASSET_PATHS = "\"helloSwift/Preview Content\"";
				DEVELOPMENT_TEAM = MUN22RF257;
				ENABLE_PREVIEWS = YES;
				GENERATE_INFOPLIST_FILE = YES;
				INFOPLIST_KEY_UIApplicationSceneManifest_Generation = YES;
				INFOPLIST_KEY_UIApplicationSupportsIndirectInputEvents = YES;
				INFOPLIST_KEY_UILaunchScreen_Generation = YES;
				INFOPLIST_KEY_UISupportedInterfaceOrientations_iPad = "UIInterfaceOrientationPortrait UIInterfaceOrientationPortraitUpsideDown UIInterfaceOrientationLandscapeLeft UIInterfaceOrientationLandscapeRight";
				INFOPLIST_KEY_UISupportedInterfaceOrientations_iPhone = "UIInterfaceOrientationPortrait UIInterfaceOrientationLandscapeLeft UIInterfaceOrientationLandscapeRight";
				LD_RUNPATH_SEARCH_PATHS = (
					"$(inherited)",
					"@executable_path/Frameworks",
				);
				MARKETING_VERSION = 1.0;
				PRODUCT_BUNDLE_IDENTIFIER = com.mazhangjing.helloSwift;
				PRODUCT_NAME = "$(TARGET_NAME)";
				SWIFT_EMIT_LOC_STRINGS = YES;
				SWIFT_VERSION = 5.0;
				TARGETED_DEVICE_FAMILY = "1,2";
			};
			name = Release;
		};
		195A3D5328BFA2C800239F01 /* Debug */ = {
			isa = XCBuildConfiguration;
			buildSettings = {
				ALWAYS_EMBED_SWIFT_STANDARD_LIBRARIES = YES;
				BUNDLE_LOADER = "$(TEST_HOST)";
				CODE_SIGN_STYLE = Automatic;
				CURRENT_PROJECT_VERSION = 1;
				DEVELOPMENT_TEAM = MUN22RF257;
				GENERATE_INFOPLIST_FILE = YES;
				IPHONEOS_DEPLOYMENT_TARGET = 15.2;
				MARKETING_VERSION = 1.0;
				PRODUCT_BUNDLE_IDENTIFIER = com.mazhangjing.helloSwiftTests;
				PRODUCT_NAME = "$(TARGET_NAME)";
				SWIFT_EMIT_LOC_STRINGS = NO;
				SWIFT_VERSION = 5.0;
				TARGETED_DEVICE_FAMILY = "1,2";
				TEST_HOST = "$(BUILT_PRODUCTS_DIR)/helloSwift.app/helloSwift";
			};
			name = Debug;
		};
		195A3D5428BFA2C800239F01 /* Release */ = {
			isa = XCBuildConfiguration;
			buildSettings = {
				ALWAYS_EMBED_SWIFT_STANDARD_LIBRARIES = YES;
				BUNDLE_LOADER = "$(TEST_HOST)";
				CODE_SIGN_STYLE = Automatic;
				CURRENT_PROJECT_VERSION = 1;
				DEVELOPMENT_TEAM = MUN22RF257;
				GENERATE_INFOPLIST_FILE = YES;
				IPHONEOS_DEPLOYMENT_TARGET = 15.2;
				MARKETING_VERSION = 1.0;
				PRODUCT_BUNDLE_IDENTIFIER = com.mazhangjing.helloSwiftTests;
				PRODUCT_NAME = "$(TARGET_NAME)";
				SWIFT_EMIT_LOC_STRINGS = NO;
				SWIFT_VERSION = 5.0;
				TARGETED_DEVICE_FAMILY = "1,2";
				TEST_HOST = "$(BUILT_PRODUCTS_DIR)/helloSwift.app/helloSwift";
			};
			name = Release;
		};
		195A3D5628BFA2C800239F01 /* Debug */ = {
			isa = XCBuildConfiguration;
			buildSettings = {
				ALWAYS_EMBED_SWIFT_STANDARD_LIBRARIES = YES;
				CODE_SIGN_STYLE = Automatic;
				CURRENT_PROJECT_VERSION = 1;
				DEVELOPMENT_TEAM = MUN22RF257;
				GENERATE_INFOPLIST_FILE = YES;
				MARKETING_VERSION = 1.0;
				PRODUCT_BUNDLE_IDENTIFIER = com.mazhangjing.helloSwiftUITests;
				PRODUCT_NAME = "$(TARGET_NAME)";
				SWIFT_EMIT_LOC_STRINGS = NO;
				SWIFT_VERSION = 5.0;
				TARGETED_DEVICE_FAMILY = "1,2";
				TEST_TARGET_NAME = helloSwift;
			};
			name = Debug;
		};
		195A3D5728BFA2C800239F01 /* Release */ = {
			isa = XCBuildConfiguration;
			buildSettings = {
				ALWAYS_EMBED_SWIFT_STANDARD_LIBRARIES = YES;
				CODE_SIGN_STYLE = Automatic;
				CURRENT_PROJECT_VERSION = 1;
				DEVELOPMENT_TEAM = MUN22RF257;
				GENERATE_INFOPLIST_FILE = YES;
				MARKETING_VERSION = 1.0;
				PRODUCT_BUNDLE_IDENTIFIER = com.mazhangjing.helloSwiftUITests;
				PRODUCT_NAME = "$(TARGET_NAME)";
				SWIFT_EMIT_LOC_STRINGS = NO;
				SWIFT_VERSION = 5.0;
				TARGETED_DEVICE_FAMILY = "1,2";
				TEST_TARGET_NAME = helloSwift;
			};
			name = Release;
		};
/* End XCBuildConfiguration section */

/* Begin XCConfigurationList section */
		195A3D2628BFA2C600239F01 /* Build configuration list for PBXProject "helloSwift" */ = {
			isa = XCConfigurationList;
			buildConfigurations = (
				195A3D4D28BFA2C800239F01 /* Debug */,
				195A3D4E28BFA2C800239F01 /* Release */,
			);
			defaultConfigurationIsVisible = 0;
			defaultConfigurationName = Release;
		};
		195A3D4F28BFA2C800239F01 /* Build configuration list for PBXNativeTarget "helloSwift" */ = {
			isa = XCConfigurationList;
			buildConfigurations = (
				195A3D5028BFA2C800239F01 /* Debug */,
				195A3D5128BFA2C800239F01 /* Release */,
			);
			defaultConfigurationIsVisible = 0;
			defaultConfigurationName = Release;
		};
		195A3D5228BFA2C800239F01 /* Build configuration list for PBXNativeTarget "helloSwiftTests" */ = {
			isa = XCConfigurationList;
			buildConfigurations = (
				195A3D5328BFA2C800239F01 /* Debug */,
				195A3D5428BFA2C800239F01 /* Release */,
			);
			defaultConfigurationIsVisible = 0;
			defaultConfigurationName = Release;
		};
		195A3D5528BFA2C800239F01 /* Build configuration list for PBXNativeTarget "helloSwiftUITests" */ = {
			isa = XCConfigurationList;
			buildConfigurations = (
				195A3D5628BFA2C800239F01 /* Debug */,
				195A3D5728BFA2C800239F01 /* Release */,
			);
			defaultConfigurationIsVisible = 0;
			defaultConfigurationName = Release;
		};
/* End XCConfigurationList section */
	};
	rootObject = 195A3D2328BFA2C600239F01 /* Project object */;
}
